PODS:
  - Alamofire (5.5.0)
  - Kingfisher (5.15.8):
    - Kingfisher/Core (= 5.15.8)
  - Kingfisher/Core (5.15.8)
  - lottie-ios (3.3.0)
  - NVActivityIndicatorView (5.1.1):
    - NVActivityIndicatorView/Base (= 5.1.1)
  - NVActivityIndicatorView/Base (5.1.1)
  - RESegmentedControl (0.5.1)
  - SkyFloatingLabelTextField (3.8.0)

DEPENDENCIES:
  - Alamofire (~> 5.5)
  - Kingfisher (~> 5.0)
  - lottie-ios
  - NVActivityIndicatorView
  - RESegmentedControl
  - SkyFloatingLabelTextField (~> 3.0)

SPEC REPOS:
  trunk:
    - Alamofire
    - Kingfisher
    - lottie-ios
    - NVActivityIndicatorView
    - RESegmentedControl
    - SkyFloatingLabelTextField

SPEC CHECKSUMS:
  Alamofire: 1c4fb5369c3fe93d2857c780d8bbe09f06f97e7c
  Kingfisher: a3c03d702433fa6cfedabb2bddbe076fb8f2e902
  lottie-ios: 6ac74dcc09904798f59b18cb3075c089d76be9ae
  NVActivityIndicatorView: 1f6c5687f1171810aa27a3296814dc2d7dec3667
  RESegmentedControl: 96aa84d861d3715128188c66faf1222d41df756e
  SkyFloatingLabelTextField: 5a338412114808e961fe2d14ea2c5452c8b6e4aa

PODFILE CHECKSUM: 83780bbf697107dea6c8ee88d698db3a00d2be95

COCOAPODS: 1.8.4
