// !$*UTF8*$!
{
	archiveVersion = 1;
	classes = {
	};
	objectVersion = 51;
	objects = {

/* Begin PBXBuildFile section */
		85F0A89AE3088D8FAC7292D5 /* Pods_ShopinistTests.framework in Frameworks */ = {isa = PBXBuildFile; fileRef = 4DCF316FA282EB766995C0F1 /* Pods_ShopinistTests.framework */; };
		8A11C83C283FAC5F0091594D /* ProductDetailsViewController.swift in Sources */ = {isa = PBXBuildFile; fileRef = 8A11C83A283FAC5F0091594D /* ProductDetailsViewController.swift */; };
		8A11C83D283FAC5F0091594D /* ProductDetailsViewController.xib in Resources */ = {isa = PBXBuildFile; fileRef = 8A11C83B283FAC5F0091594D /* ProductDetailsViewController.xib */; };
		8A11C840283FB0E50091594D /* ProductDetailsViewModel.swift in Sources */ = {isa = PBXBuildFile; fileRef = 8A11C83F283FB0E50091594D /* ProductDetailsViewModel.swift */; };
		8A15D99A28460491006B9C96 /* ProductDetailsViewModelProtocol.swift in Sources */ = {isa = PBXBuildFile; fileRef = 8A15D99928460491006B9C96 /* ProductDetailsViewModelProtocol.swift */; };
		8A15D99F2846716D006B9C96 /* FavouritesViewController.swift in Sources */ = {isa = PBXBuildFile; fileRef = 8A15D99D2846716D006B9C96 /* FavouritesViewController.swift */; };
		8A15D9A02846716D006B9C96 /* FavouritesViewController.xib in Resources */ = {isa = PBXBuildFile; fileRef = 8A15D99E2846716D006B9C96 /* FavouritesViewController.xib */; };
		8A15D9A428467511006B9C96 /* FavouriteTableViewCell.swift in Sources */ = {isa = PBXBuildFile; fileRef = 8A15D9A228467511006B9C96 /* FavouriteTableViewCell.swift */; };
		8A15D9A528467511006B9C96 /* FavouriteTableViewCell.xib in Resources */ = {isa = PBXBuildFile; fileRef = 8A15D9A328467511006B9C96 /* FavouriteTableViewCell.xib */; };
		8A1AD976284154E400A0202B /* ProductSizeCollectionViewCell.swift in Sources */ = {isa = PBXBuildFile; fileRef = 8A1AD974284154E400A0202B /* ProductSizeCollectionViewCell.swift */; };
		8A1AD977284154E400A0202B /* ProductSizeCollectionViewCell.xib in Resources */ = {isa = PBXBuildFile; fileRef = 8A1AD975284154E400A0202B /* ProductSizeCollectionViewCell.xib */; };
		8A1B946F2840516800A1BCF5 /* UIImageView.swift in Sources */ = {isa = PBXBuildFile; fileRef = 8A1B946E2840516800A1BCF5 /* UIImageView.swift */; };
		8A39F840284026D6009FD19B /* ProductCollectionViewCell.swift in Sources */ = {isa = PBXBuildFile; fileRef = 8A39F83E284026D6009FD19B /* ProductCollectionViewCell.swift */; };
		8A39F841284026D6009FD19B /* ProductCollectionViewCell.xib in Resources */ = {isa = PBXBuildFile; fileRef = 8A39F83F284026D6009FD19B /* ProductCollectionViewCell.xib */; };
		8AC33DDF28415E2800B80E16 /* ProductVcExtension.swift in Sources */ = {isa = PBXBuildFile; fileRef = 8AC33DDE28415E2800B80E16 /* ProductVcExtension.swift */; };
		8ADCF80C283EF56A0017F2F7 /* ProductsRepo.swift in Sources */ = {isa = PBXBuildFile; fileRef = 8ADCF80B283EF56A0017F2F7 /* ProductsRepo.swift */; };
		8ADCF80E283EF5920017F2F7 /* ProductsRepoProtocol.swift in Sources */ = {isa = PBXBuildFile; fileRef = 8ADCF80D283EF5920017F2F7 /* ProductsRepoProtocol.swift */; };
		8ADCF812283EFCD40017F2F7 /* UIView.swift in Sources */ = {isa = PBXBuildFile; fileRef = 8ADCF811283EFCD40017F2F7 /* UIView.swift */; };
		8AE32BC9283D434F003DA57B /* Categories.swift in Sources */ = {isa = PBXBuildFile; fileRef = 8AE32BC8283D434F003DA57B /* Categories.swift */; };
		8AE32BCB283D43AF003DA57B /* Category.swift in Sources */ = {isa = PBXBuildFile; fileRef = 8AE32BCA283D43AF003DA57B /* Category.swift */; };
		8AE32BCF283D4CC6003DA57B /* Products.swift in Sources */ = {isa = PBXBuildFile; fileRef = 8AE32BCE283D4CC6003DA57B /* Products.swift */; };
		8AE32BD1283D59C0003DA57B /* Product.swift in Sources */ = {isa = PBXBuildFile; fileRef = 8AE32BD0283D59C0003DA57B /* Product.swift */; };
		8AE32BD4283D5A12003DA57B /* ProductImage.swift in Sources */ = {isa = PBXBuildFile; fileRef = 8AE32BD3283D5A12003DA57B /* ProductImage.swift */; };
		8AE32BD6283D5A3A003DA57B /* ProductOption.swift in Sources */ = {isa = PBXBuildFile; fileRef = 8AE32BD5283D5A3A003DA57B /* ProductOption.swift */; };
		8AE32BD8283D5AB5003DA57B /* Variant.swift in Sources */ = {isa = PBXBuildFile; fileRef = 8AE32BD7283D5AB5003DA57B /* Variant.swift */; };
		8AE32BDA283D5ADC003DA57B /* ProductEnums.swift in Sources */ = {isa = PBXBuildFile; fileRef = 8AE32BD9283D5ADC003DA57B /* ProductEnums.swift */; };
		8AE9733D283E77A200725A9B /* NetworkManager.swift in Sources */ = {isa = PBXBuildFile; fileRef = 8AE9733C283E77A200725A9B /* NetworkManager.swift */; };
		8AE97340283E788A00725A9B /* Constants.swift in Sources */ = {isa = PBXBuildFile; fileRef = 8AE9733F283E788A00725A9B /* Constants.swift */; };
		8AE97342283E796E00725A9B /* Errors.swift in Sources */ = {isa = PBXBuildFile; fileRef = 8AE97341283E796E00725A9B /* Errors.swift */; };
		8AE97344283E798100725A9B /* EndPoints.swift in Sources */ = {isa = PBXBuildFile; fileRef = 8AE97343283E798100725A9B /* EndPoints.swift */; };
		8AE97346283ED0FD00725A9B /* PostCustomer.swift in Sources */ = {isa = PBXBuildFile; fileRef = 8AE97345283ED0FD00725A9B /* PostCustomer.swift */; };
		8AE97348283ED14400725A9B /* PostOrder.swift in Sources */ = {isa = PBXBuildFile; fileRef = 8AE97347283ED14400725A9B /* PostOrder.swift */; };
		8AE9734A283ED80B00725A9B /* NetworkManagerProtocol.swift in Sources */ = {isa = PBXBuildFile; fileRef = 8AE97349283ED80B00725A9B /* NetworkManagerProtocol.swift */; };
		8AF7DFB728474F0500E7FADE /* FavouritesViewModel.swift in Sources */ = {isa = PBXBuildFile; fileRef = 8AF7DFB628474F0500E7FADE /* FavouritesViewModel.swift */; };
		8AF7DFB928474F2900E7FADE /* FavouritesViewModelProtocol.swift in Sources */ = {isa = PBXBuildFile; fileRef = 8AF7DFB828474F2900E7FADE /* FavouritesViewModelProtocol.swift */; };
		D54E7D9133BBE30465871C2F /* Pods_Shopinist_ShopinistUITests.framework in Frameworks */ = {isa = PBXBuildFile; fileRef = 6F4F3BBECD0C42DE6CAD0DD8 /* Pods_Shopinist_ShopinistUITests.framework */; };
		E80F4694283FEDF5000D4826 /* OrderRepoProtocol.swift in Sources */ = {isa = PBXBuildFile; fileRef = E80F4692283FEDF5000D4826 /* OrderRepoProtocol.swift */; };
		E80F4695283FEDF5000D4826 /* OrderRepo.swift in Sources */ = {isa = PBXBuildFile; fileRef = E80F4693283FEDF5000D4826 /* OrderRepo.swift */; };
		E80F4697283FEE21000D4826 /* CategoriesViewModel.swift in Sources */ = {isa = PBXBuildFile; fileRef = E80F4696283FEE21000D4826 /* CategoriesViewModel.swift */; };
		E80F469A28401387000D4826 /* CategoriesCollectionViewCell.swift in Sources */ = {isa = PBXBuildFile; fileRef = E80F469828401387000D4826 /* CategoriesCollectionViewCell.swift */; };
		E80F469B28401387000D4826 /* CategoriesCollectionViewCell.xib in Resources */ = {isa = PBXBuildFile; fileRef = E80F469928401387000D4826 /* CategoriesCollectionViewCell.xib */; };
		E85DD37B2844A43E003A7723 /* MainCategoriesViewController.swift in Sources */ = {isa = PBXBuildFile; fileRef = E85DD3792844A43E003A7723 /* MainCategoriesViewController.swift */; };
		E85DD37C2844A43E003A7723 /* MainCategoriesViewController.xib in Resources */ = {isa = PBXBuildFile; fileRef = E85DD37A2844A43E003A7723 /* MainCategoriesViewController.xib */; };
		E85DD3882844D512003A7723 /* MainCategoryCell.swift in Sources */ = {isa = PBXBuildFile; fileRef = E85DD3862844D512003A7723 /* MainCategoryCell.swift */; };
		E85DD3892844D512003A7723 /* MainCategoryCell.xib in Resources */ = {isa = PBXBuildFile; fileRef = E85DD3872844D512003A7723 /* MainCategoryCell.xib */; };
		E85DD38C2846B85F003A7723 /* MainCategoriesViewModel.swift in Sources */ = {isa = PBXBuildFile; fileRef = E85DD38B2846B85F003A7723 /* MainCategoriesViewModel.swift */; };
		E85DD38E2846B87E003A7723 /* MainCategoriesViewModelProtocol.swift in Sources */ = {isa = PBXBuildFile; fileRef = E85DD38D2846B87E003A7723 /* MainCategoriesViewModelProtocol.swift */; };
		E8628190284742DA0003B1B8 /* CategoriesViewModelProtocol.swift in Sources */ = {isa = PBXBuildFile; fileRef = E862818F284742DA0003B1B8 /* CategoriesViewModelProtocol.swift */; };
		E883F39F283C20A600C19953 /* AppDelegate.swift in Sources */ = {isa = PBXBuildFile; fileRef = E883F39E283C20A600C19953 /* AppDelegate.swift */; };
		E883F3A1283C20A600C19953 /* SceneDelegate.swift in Sources */ = {isa = PBXBuildFile; fileRef = E883F3A0283C20A600C19953 /* SceneDelegate.swift */; };
		E883F3A3283C20A600C19953 /* HomeViewController.swift in Sources */ = {isa = PBXBuildFile; fileRef = E883F3A2283C20A600C19953 /* HomeViewController.swift */; };
		E883F3A9283C20A600C19953 /* Shopinist.xcdatamodeld in Sources */ = {isa = PBXBuildFile; fileRef = E883F3A7283C20A600C19953 /* Shopinist.xcdatamodeld */; };
		E883F3AB283C20AA00C19953 /* Assets.xcassets in Resources */ = {isa = PBXBuildFile; fileRef = E883F3AA283C20AA00C19953 /* Assets.xcassets */; };
		E883F3AE283C20AA00C19953 /* LaunchScreen.storyboard in Resources */ = {isa = PBXBuildFile; fileRef = E883F3AC283C20AA00C19953 /* LaunchScreen.storyboard */; };
		E883F3B9283C20AA00C19953 /* ShopinistTests.swift in Sources */ = {isa = PBXBuildFile; fileRef = E883F3B8283C20AA00C19953 /* ShopinistTests.swift */; };
		E883F3C4283C20AB00C19953 /* ShopinistUITests.swift in Sources */ = {isa = PBXBuildFile; fileRef = E883F3C3283C20AB00C19953 /* ShopinistUITests.swift */; };
		E883F3D4283C23F600C19953 /* HomeViewController.xib in Resources */ = {isa = PBXBuildFile; fileRef = E883F3D3283C23F600C19953 /* HomeViewController.xib */; };
		E883F3D7283C2C0A00C19953 /* CategoriesViewController.swift in Sources */ = {isa = PBXBuildFile; fileRef = E883F3D5283C2C0A00C19953 /* CategoriesViewController.swift */; };
		E883F3D8283C2C0A00C19953 /* CategoriesViewController.xib in Resources */ = {isa = PBXBuildFile; fileRef = E883F3D6283C2C0A00C19953 /* CategoriesViewController.xib */; };
		E883F3E2283C464B00C19953 /* ProfileViewController.swift in Sources */ = {isa = PBXBuildFile; fileRef = E883F3E0283C464B00C19953 /* ProfileViewController.swift */; };
		E883F3E3283C464B00C19953 /* ProfileViewController.xib in Resources */ = {isa = PBXBuildFile; fileRef = E883F3E1283C464B00C19953 /* ProfileViewController.xib */; };
		E88C7E2B2842D71E00800389 /* StoredProduct.swift in Sources */ = {isa = PBXBuildFile; fileRef = E88C7E2A2842D71E00800389 /* StoredProduct.swift */; };
		E88C7E2E2842D76900800389 /* DatabaseManagerProtocol.swift in Sources */ = {isa = PBXBuildFile; fileRef = E88C7E2D2842D76900800389 /* DatabaseManagerProtocol.swift */; };
		E88C7E302842D7BB00800389 /* DatabaseManager.swift in Sources */ = {isa = PBXBuildFile; fileRef = E88C7E2F2842D7BB00800389 /* DatabaseManager.swift */; };
		E896D67E28402F0500EE859F /* Formatter.swift in Sources */ = {isa = PBXBuildFile; fileRef = E896D67D28402F0500EE859F /* Formatter.swift */; };
		E8B77138283D7299008D17CA /* Customers.swift in Sources */ = {isa = PBXBuildFile; fileRef = E8B77137283D7299008D17CA /* Customers.swift */; };
		E8B7713A283D8430008D17CA /* Customer.swift in Sources */ = {isa = PBXBuildFile; fileRef = E8B77139283D8430008D17CA /* Customer.swift */; };
		E8B7713C283D8459008D17CA /* Address.swift in Sources */ = {isa = PBXBuildFile; fileRef = E8B7713B283D8459008D17CA /* Address.swift */; };
		E8B7713F283D84EC008D17CA /* Orders.swift in Sources */ = {isa = PBXBuildFile; fileRef = E8B7713E283D84EC008D17CA /* Orders.swift */; };
		E8B77141283D92D8008D17CA /* Order.swift in Sources */ = {isa = PBXBuildFile; fileRef = E8B77140283D92D8008D17CA /* Order.swift */; };
		E8B77143283D9310008D17CA /* OrderItem.swift in Sources */ = {isa = PBXBuildFile; fileRef = E8B77142283D9310008D17CA /* OrderItem.swift */; };
		E8B77145283D9340008D17CA /* OrderFinancialStatus.swift in Sources */ = {isa = PBXBuildFile; fileRef = E8B77144283D9340008D17CA /* OrderFinancialStatus.swift */; };
		E8B77149283D9F79008D17CA /* DiscountCode.swift in Sources */ = {isa = PBXBuildFile; fileRef = E8B77148283D9F79008D17CA /* DiscountCode.swift */; };
		F37DD77543640EFA6D87D5BD /* Pods_Shopinist.framework in Frameworks */ = {isa = PBXBuildFile; fileRef = DC9600F205194413823AED15 /* Pods_Shopinist.framework */; };
		F75C3CD928479829006E2E43 /* CartItemsManager.swift in Sources */ = {isa = PBXBuildFile; fileRef = F75C3CD828479829006E2E43 /* CartItemsManager.swift */; };
		F75C3CDB28479837006E2E43 /* CartItemsManagerProtocol.swift in Sources */ = {isa = PBXBuildFile; fileRef = F75C3CDA28479837006E2E43 /* CartItemsManagerProtocol.swift */; };
		F75C3CDE2847B7EB006E2E43 /* CartItemsRepo.swift in Sources */ = {isa = PBXBuildFile; fileRef = F75C3CDD2847B7EB006E2E43 /* CartItemsRepo.swift */; };
		F75C3CE02847B7FA006E2E43 /* CartItemsRepoProtocol.swift in Sources */ = {isa = PBXBuildFile; fileRef = F75C3CDF2847B7FA006E2E43 /* CartItemsRepoProtocol.swift */; };
		F761908C2845F58600EA3AEC /* CartTableViewCell.swift in Sources */ = {isa = PBXBuildFile; fileRef = F761908A2845F58600EA3AEC /* CartTableViewCell.swift */; };
		F761908D2845F58600EA3AEC /* CartTableViewCell.xib in Resources */ = {isa = PBXBuildFile; fileRef = F761908B2845F58600EA3AEC /* CartTableViewCell.xib */; };
		F76781D92842124600AC5696 /* CustomerRepoProtocol.swift in Sources */ = {isa = PBXBuildFile; fileRef = F76781D82842124600AC5696 /* CustomerRepoProtocol.swift */; };
		F76781DC284212C000AC5696 /* CustomerRepo.swift in Sources */ = {isa = PBXBuildFile; fileRef = F76781DB284212C000AC5696 /* CustomerRepo.swift */; };
		F76781E02842177100AC5696 /* adsCell.swift in Sources */ = {isa = PBXBuildFile; fileRef = F76781DE2842177100AC5696 /* adsCell.swift */; };
		F76781E12842177100AC5696 /* adsCell.xib in Resources */ = {isa = PBXBuildFile; fileRef = F76781DF2842177100AC5696 /* adsCell.xib */; };
		F76782162842336C00AC5696 /* BrandsCell.swift in Sources */ = {isa = PBXBuildFile; fileRef = F76782142842336C00AC5696 /* BrandsCell.swift */; };
		F76782172842336C00AC5696 /* BrandsCell.xib in Resources */ = {isa = PBXBuildFile; fileRef = F76782152842336C00AC5696 /* BrandsCell.xib */; };
		F767821928425FDF00AC5696 /* HomeViewModel.swift in Sources */ = {isa = PBXBuildFile; fileRef = F767821828425FDF00AC5696 /* HomeViewModel.swift */; };
		F7E8E1E82844F961000DAB50 /* CartViewController.swift in Sources */ = {isa = PBXBuildFile; fileRef = F7E8E1E62844F961000DAB50 /* CartViewController.swift */; };
		F7E8E1E92844F961000DAB50 /* CartViewController.xib in Resources */ = {isa = PBXBuildFile; fileRef = F7E8E1E72844F961000DAB50 /* CartViewController.xib */; };
		F7E8E1EC28451299000DAB50 /* CartCell.swift in Sources */ = {isa = PBXBuildFile; fileRef = F7E8E1EA28451299000DAB50 /* CartCell.swift */; };
		F7E8E1ED28451299000DAB50 /* CartCell.xib in Resources */ = {isa = PBXBuildFile; fileRef = F7E8E1EB28451299000DAB50 /* CartCell.xib */; };
/* End PBXBuildFile section */

/* Begin PBXContainerItemProxy section */
		E883F3B5283C20AA00C19953 /* PBXContainerItemProxy */ = {
			isa = PBXContainerItemProxy;
			containerPortal = E883F393283C20A500C19953 /* Project object */;
			proxyType = 1;
			remoteGlobalIDString = E883F39A283C20A500C19953;
			remoteInfo = Shopinist;
		};
		E883F3C0283C20AB00C19953 /* PBXContainerItemProxy */ = {
			isa = PBXContainerItemProxy;
			containerPortal = E883F393283C20A500C19953 /* Project object */;
			proxyType = 1;
			remoteGlobalIDString = E883F39A283C20A500C19953;
			remoteInfo = Shopinist;
		};
/* End PBXContainerItemProxy section */

/* Begin PBXFileReference section */
		0238C688534D74FE22394E31 /* Pods-Shopinist.debug.xcconfig */ = {isa = PBXFileReference; includeInIndex = 1; lastKnownFileType = text.xcconfig; name = "Pods-Shopinist.debug.xcconfig"; path = "Target Support Files/Pods-Shopinist/Pods-Shopinist.debug.xcconfig"; sourceTree = "<group>"; };
		4DCF316FA282EB766995C0F1 /* Pods_ShopinistTests.framework */ = {isa = PBXFileReference; explicitFileType = wrapper.framework; includeInIndex = 0; path = Pods_ShopinistTests.framework; sourceTree = BUILT_PRODUCTS_DIR; };
		663DF208ADB0770E9CBDC5C3 /* Pods-ShopinistTests.debug.xcconfig */ = {isa = PBXFileReference; includeInIndex = 1; lastKnownFileType = text.xcconfig; name = "Pods-ShopinistTests.debug.xcconfig"; path = "Target Support Files/Pods-ShopinistTests/Pods-ShopinistTests.debug.xcconfig"; sourceTree = "<group>"; };
		6F4F3BBECD0C42DE6CAD0DD8 /* Pods_Shopinist_ShopinistUITests.framework */ = {isa = PBXFileReference; explicitFileType = wrapper.framework; includeInIndex = 0; path = Pods_Shopinist_ShopinistUITests.framework; sourceTree = BUILT_PRODUCTS_DIR; };
		8A11C83A283FAC5F0091594D /* ProductDetailsViewController.swift */ = {isa = PBXFileReference; lastKnownFileType = sourcecode.swift; path = ProductDetailsViewController.swift; sourceTree = "<group>"; };
		8A11C83B283FAC5F0091594D /* ProductDetailsViewController.xib */ = {isa = PBXFileReference; lastKnownFileType = file.xib; path = ProductDetailsViewController.xib; sourceTree = "<group>"; };
		8A11C83F283FB0E50091594D /* ProductDetailsViewModel.swift */ = {isa = PBXFileReference; lastKnownFileType = sourcecode.swift; path = ProductDetailsViewModel.swift; sourceTree = "<group>"; };
		8A15D99928460491006B9C96 /* ProductDetailsViewModelProtocol.swift */ = {isa = PBXFileReference; lastKnownFileType = sourcecode.swift; path = ProductDetailsViewModelProtocol.swift; sourceTree = "<group>"; };
		8A15D99D2846716D006B9C96 /* FavouritesViewController.swift */ = {isa = PBXFileReference; lastKnownFileType = sourcecode.swift; path = FavouritesViewController.swift; sourceTree = "<group>"; };
		8A15D99E2846716D006B9C96 /* FavouritesViewController.xib */ = {isa = PBXFileReference; lastKnownFileType = file.xib; path = FavouritesViewController.xib; sourceTree = "<group>"; };
		8A15D9A228467511006B9C96 /* FavouriteTableViewCell.swift */ = {isa = PBXFileReference; lastKnownFileType = sourcecode.swift; path = FavouriteTableViewCell.swift; sourceTree = "<group>"; };
		8A15D9A328467511006B9C96 /* FavouriteTableViewCell.xib */ = {isa = PBXFileReference; lastKnownFileType = file.xib; path = FavouriteTableViewCell.xib; sourceTree = "<group>"; };
		8A1AD974284154E400A0202B /* ProductSizeCollectionViewCell.swift */ = {isa = PBXFileReference; lastKnownFileType = sourcecode.swift; path = ProductSizeCollectionViewCell.swift; sourceTree = "<group>"; };
		8A1AD975284154E400A0202B /* ProductSizeCollectionViewCell.xib */ = {isa = PBXFileReference; lastKnownFileType = file.xib; path = ProductSizeCollectionViewCell.xib; sourceTree = "<group>"; };
		8A1B946E2840516800A1BCF5 /* UIImageView.swift */ = {isa = PBXFileReference; lastKnownFileType = sourcecode.swift; path = UIImageView.swift; sourceTree = "<group>"; };
		8A39F83E284026D6009FD19B /* ProductCollectionViewCell.swift */ = {isa = PBXFileReference; lastKnownFileType = sourcecode.swift; path = ProductCollectionViewCell.swift; sourceTree = "<group>"; };
		8A39F83F284026D6009FD19B /* ProductCollectionViewCell.xib */ = {isa = PBXFileReference; lastKnownFileType = file.xib; path = ProductCollectionViewCell.xib; sourceTree = "<group>"; };
		8AC33DDE28415E2800B80E16 /* ProductVcExtension.swift */ = {isa = PBXFileReference; lastKnownFileType = sourcecode.swift; path = ProductVcExtension.swift; sourceTree = "<group>"; };
		8ADCF80B283EF56A0017F2F7 /* ProductsRepo.swift */ = {isa = PBXFileReference; lastKnownFileType = sourcecode.swift; path = ProductsRepo.swift; sourceTree = "<group>"; };
		8ADCF80D283EF5920017F2F7 /* ProductsRepoProtocol.swift */ = {isa = PBXFileReference; lastKnownFileType = sourcecode.swift; path = ProductsRepoProtocol.swift; sourceTree = "<group>"; };
		8ADCF811283EFCD40017F2F7 /* UIView.swift */ = {isa = PBXFileReference; lastKnownFileType = sourcecode.swift; path = UIView.swift; sourceTree = "<group>"; };
		8AE32BC8283D434F003DA57B /* Categories.swift */ = {isa = PBXFileReference; lastKnownFileType = sourcecode.swift; path = Categories.swift; sourceTree = "<group>"; };
		8AE32BCA283D43AF003DA57B /* Category.swift */ = {isa = PBXFileReference; lastKnownFileType = sourcecode.swift; path = Category.swift; sourceTree = "<group>"; };
		8AE32BCE283D4CC6003DA57B /* Products.swift */ = {isa = PBXFileReference; lastKnownFileType = sourcecode.swift; path = Products.swift; sourceTree = "<group>"; };
		8AE32BD0283D59C0003DA57B /* Product.swift */ = {isa = PBXFileReference; lastKnownFileType = sourcecode.swift; path = Product.swift; sourceTree = "<group>"; };
		8AE32BD3283D5A12003DA57B /* ProductImage.swift */ = {isa = PBXFileReference; lastKnownFileType = sourcecode.swift; path = ProductImage.swift; sourceTree = "<group>"; };
		8AE32BD5283D5A3A003DA57B /* ProductOption.swift */ = {isa = PBXFileReference; lastKnownFileType = sourcecode.swift; path = ProductOption.swift; sourceTree = "<group>"; };
		8AE32BD7283D5AB5003DA57B /* Variant.swift */ = {isa = PBXFileReference; lastKnownFileType = sourcecode.swift; path = Variant.swift; sourceTree = "<group>"; };
		8AE32BD9283D5ADC003DA57B /* ProductEnums.swift */ = {isa = PBXFileReference; lastKnownFileType = sourcecode.swift; path = ProductEnums.swift; sourceTree = "<group>"; };
		8AE9733C283E77A200725A9B /* NetworkManager.swift */ = {isa = PBXFileReference; lastKnownFileType = sourcecode.swift; path = NetworkManager.swift; sourceTree = "<group>"; };
		8AE9733F283E788A00725A9B /* Constants.swift */ = {isa = PBXFileReference; lastKnownFileType = sourcecode.swift; path = Constants.swift; sourceTree = "<group>"; };
		8AE97341283E796E00725A9B /* Errors.swift */ = {isa = PBXFileReference; lastKnownFileType = sourcecode.swift; path = Errors.swift; sourceTree = "<group>"; };
		8AE97343283E798100725A9B /* EndPoints.swift */ = {isa = PBXFileReference; lastKnownFileType = sourcecode.swift; path = EndPoints.swift; sourceTree = "<group>"; };
		8AE97345283ED0FD00725A9B /* PostCustomer.swift */ = {isa = PBXFileReference; lastKnownFileType = sourcecode.swift; path = PostCustomer.swift; sourceTree = "<group>"; };
		8AE97347283ED14400725A9B /* PostOrder.swift */ = {isa = PBXFileReference; lastKnownFileType = sourcecode.swift; path = PostOrder.swift; sourceTree = "<group>"; };
		8AE97349283ED80B00725A9B /* NetworkManagerProtocol.swift */ = {isa = PBXFileReference; lastKnownFileType = sourcecode.swift; path = NetworkManagerProtocol.swift; sourceTree = "<group>"; };
		8AF7DFB628474F0500E7FADE /* FavouritesViewModel.swift */ = {isa = PBXFileReference; lastKnownFileType = sourcecode.swift; path = FavouritesViewModel.swift; sourceTree = "<group>"; };
		8AF7DFB828474F2900E7FADE /* FavouritesViewModelProtocol.swift */ = {isa = PBXFileReference; lastKnownFileType = sourcecode.swift; path = FavouritesViewModelProtocol.swift; sourceTree = "<group>"; };
		A2A2D22ECC1FD94D3E3538B5 /* Pods-Shopinist-ShopinistUITests.debug.xcconfig */ = {isa = PBXFileReference; includeInIndex = 1; lastKnownFileType = text.xcconfig; name = "Pods-Shopinist-ShopinistUITests.debug.xcconfig"; path = "Target Support Files/Pods-Shopinist-ShopinistUITests/Pods-Shopinist-ShopinistUITests.debug.xcconfig"; sourceTree = "<group>"; };
		A898624C9DE6FEA32AEDCFA7 /* Pods-Shopinist.release.xcconfig */ = {isa = PBXFileReference; includeInIndex = 1; lastKnownFileType = text.xcconfig; name = "Pods-Shopinist.release.xcconfig"; path = "Target Support Files/Pods-Shopinist/Pods-Shopinist.release.xcconfig"; sourceTree = "<group>"; };
		CB4752F052018B015C7B81E5 /* Pods-ShopinistTests.release.xcconfig */ = {isa = PBXFileReference; includeInIndex = 1; lastKnownFileType = text.xcconfig; name = "Pods-ShopinistTests.release.xcconfig"; path = "Target Support Files/Pods-ShopinistTests/Pods-ShopinistTests.release.xcconfig"; sourceTree = "<group>"; };
		D32172CCDEBB31B6428F91C5 /* Pods-Shopinist-ShopinistUITests.release.xcconfig */ = {isa = PBXFileReference; includeInIndex = 1; lastKnownFileType = text.xcconfig; name = "Pods-Shopinist-ShopinistUITests.release.xcconfig"; path = "Target Support Files/Pods-Shopinist-ShopinistUITests/Pods-Shopinist-ShopinistUITests.release.xcconfig"; sourceTree = "<group>"; };
		DC9600F205194413823AED15 /* Pods_Shopinist.framework */ = {isa = PBXFileReference; explicitFileType = wrapper.framework; includeInIndex = 0; path = Pods_Shopinist.framework; sourceTree = BUILT_PRODUCTS_DIR; };
		E80F4692283FEDF5000D4826 /* OrderRepoProtocol.swift */ = {isa = PBXFileReference; fileEncoding = 4; lastKnownFileType = sourcecode.swift; path = OrderRepoProtocol.swift; sourceTree = "<group>"; };
		E80F4693283FEDF5000D4826 /* OrderRepo.swift */ = {isa = PBXFileReference; fileEncoding = 4; lastKnownFileType = sourcecode.swift; path = OrderRepo.swift; sourceTree = "<group>"; };
		E80F4696283FEE21000D4826 /* CategoriesViewModel.swift */ = {isa = PBXFileReference; fileEncoding = 4; lastKnownFileType = sourcecode.swift; path = CategoriesViewModel.swift; sourceTree = "<group>"; };
		E80F469828401387000D4826 /* CategoriesCollectionViewCell.swift */ = {isa = PBXFileReference; lastKnownFileType = sourcecode.swift; path = CategoriesCollectionViewCell.swift; sourceTree = "<group>"; };
		E80F469928401387000D4826 /* CategoriesCollectionViewCell.xib */ = {isa = PBXFileReference; lastKnownFileType = file.xib; path = CategoriesCollectionViewCell.xib; sourceTree = "<group>"; };
		E85DD3792844A43E003A7723 /* MainCategoriesViewController.swift */ = {isa = PBXFileReference; lastKnownFileType = sourcecode.swift; path = MainCategoriesViewController.swift; sourceTree = "<group>"; };
		E85DD37A2844A43E003A7723 /* MainCategoriesViewController.xib */ = {isa = PBXFileReference; lastKnownFileType = file.xib; path = MainCategoriesViewController.xib; sourceTree = "<group>"; };
		E85DD3862844D512003A7723 /* MainCategoryCell.swift */ = {isa = PBXFileReference; lastKnownFileType = sourcecode.swift; path = MainCategoryCell.swift; sourceTree = "<group>"; };
		E85DD3872844D512003A7723 /* MainCategoryCell.xib */ = {isa = PBXFileReference; lastKnownFileType = file.xib; path = MainCategoryCell.xib; sourceTree = "<group>"; };
		E85DD38B2846B85F003A7723 /* MainCategoriesViewModel.swift */ = {isa = PBXFileReference; lastKnownFileType = sourcecode.swift; path = MainCategoriesViewModel.swift; sourceTree = "<group>"; };
		E85DD38D2846B87E003A7723 /* MainCategoriesViewModelProtocol.swift */ = {isa = PBXFileReference; lastKnownFileType = sourcecode.swift; path = MainCategoriesViewModelProtocol.swift; sourceTree = "<group>"; };
		E862818F284742DA0003B1B8 /* CategoriesViewModelProtocol.swift */ = {isa = PBXFileReference; lastKnownFileType = sourcecode.swift; path = CategoriesViewModelProtocol.swift; sourceTree = "<group>"; };
		E883F39B283C20A600C19953 /* Shopinist.app */ = {isa = PBXFileReference; explicitFileType = wrapper.application; includeInIndex = 0; path = Shopinist.app; sourceTree = BUILT_PRODUCTS_DIR; };
		E883F39E283C20A600C19953 /* AppDelegate.swift */ = {isa = PBXFileReference; lastKnownFileType = sourcecode.swift; path = AppDelegate.swift; sourceTree = "<group>"; };
		E883F3A0283C20A600C19953 /* SceneDelegate.swift */ = {isa = PBXFileReference; lastKnownFileType = sourcecode.swift; path = SceneDelegate.swift; sourceTree = "<group>"; };
		E883F3A2283C20A600C19953 /* HomeViewController.swift */ = {isa = PBXFileReference; lastKnownFileType = sourcecode.swift; path = HomeViewController.swift; sourceTree = "<group>"; };
		E883F3A8283C20A600C19953 /* Shopinist.xcdatamodel */ = {isa = PBXFileReference; lastKnownFileType = wrapper.xcdatamodel; path = Shopinist.xcdatamodel; sourceTree = "<group>"; };
		E883F3AA283C20AA00C19953 /* Assets.xcassets */ = {isa = PBXFileReference; lastKnownFileType = folder.assetcatalog; path = Assets.xcassets; sourceTree = "<group>"; };
		E883F3AD283C20AA00C19953 /* Base */ = {isa = PBXFileReference; lastKnownFileType = file.storyboard; name = Base; path = Base.lproj/LaunchScreen.storyboard; sourceTree = "<group>"; };
		E883F3AF283C20AA00C19953 /* Info.plist */ = {isa = PBXFileReference; lastKnownFileType = text.plist.xml; path = Info.plist; sourceTree = "<group>"; };
		E883F3B4283C20AA00C19953 /* ShopinistTests.xctest */ = {isa = PBXFileReference; explicitFileType = wrapper.cfbundle; includeInIndex = 0; path = ShopinistTests.xctest; sourceTree = BUILT_PRODUCTS_DIR; };
		E883F3B8283C20AA00C19953 /* ShopinistTests.swift */ = {isa = PBXFileReference; lastKnownFileType = sourcecode.swift; path = ShopinistTests.swift; sourceTree = "<group>"; };
		E883F3BA283C20AA00C19953 /* Info.plist */ = {isa = PBXFileReference; lastKnownFileType = text.plist.xml; path = Info.plist; sourceTree = "<group>"; };
		E883F3BF283C20AB00C19953 /* ShopinistUITests.xctest */ = {isa = PBXFileReference; explicitFileType = wrapper.cfbundle; includeInIndex = 0; path = ShopinistUITests.xctest; sourceTree = BUILT_PRODUCTS_DIR; };
		E883F3C3283C20AB00C19953 /* ShopinistUITests.swift */ = {isa = PBXFileReference; lastKnownFileType = sourcecode.swift; path = ShopinistUITests.swift; sourceTree = "<group>"; };
		E883F3C5283C20AB00C19953 /* Info.plist */ = {isa = PBXFileReference; lastKnownFileType = text.plist.xml; path = Info.plist; sourceTree = "<group>"; };
		E883F3D3283C23F600C19953 /* HomeViewController.xib */ = {isa = PBXFileReference; lastKnownFileType = file.xib; path = HomeViewController.xib; sourceTree = "<group>"; };
		E883F3D5283C2C0A00C19953 /* CategoriesViewController.swift */ = {isa = PBXFileReference; lastKnownFileType = sourcecode.swift; path = CategoriesViewController.swift; sourceTree = "<group>"; };
		E883F3D6283C2C0A00C19953 /* CategoriesViewController.xib */ = {isa = PBXFileReference; lastKnownFileType = file.xib; path = CategoriesViewController.xib; sourceTree = "<group>"; };
		E883F3E0283C464B00C19953 /* ProfileViewController.swift */ = {isa = PBXFileReference; lastKnownFileType = sourcecode.swift; path = ProfileViewController.swift; sourceTree = "<group>"; };
		E883F3E1283C464B00C19953 /* ProfileViewController.xib */ = {isa = PBXFileReference; lastKnownFileType = file.xib; path = ProfileViewController.xib; sourceTree = "<group>"; };
		E88C7E2A2842D71E00800389 /* StoredProduct.swift */ = {isa = PBXFileReference; lastKnownFileType = sourcecode.swift; path = StoredProduct.swift; sourceTree = "<group>"; };
		E88C7E2D2842D76900800389 /* DatabaseManagerProtocol.swift */ = {isa = PBXFileReference; lastKnownFileType = sourcecode.swift; path = DatabaseManagerProtocol.swift; sourceTree = "<group>"; };
		E88C7E2F2842D7BB00800389 /* DatabaseManager.swift */ = {isa = PBXFileReference; lastKnownFileType = sourcecode.swift; path = DatabaseManager.swift; sourceTree = "<group>"; };
		E896D67D28402F0500EE859F /* Formatter.swift */ = {isa = PBXFileReference; lastKnownFileType = sourcecode.swift; path = Formatter.swift; sourceTree = "<group>"; };
		E8B77137283D7299008D17CA /* Customers.swift */ = {isa = PBXFileReference; lastKnownFileType = sourcecode.swift; path = Customers.swift; sourceTree = "<group>"; };
		E8B77139283D8430008D17CA /* Customer.swift */ = {isa = PBXFileReference; lastKnownFileType = sourcecode.swift; path = Customer.swift; sourceTree = "<group>"; };
		E8B7713B283D8459008D17CA /* Address.swift */ = {isa = PBXFileReference; lastKnownFileType = sourcecode.swift; path = Address.swift; sourceTree = "<group>"; };
		E8B7713E283D84EC008D17CA /* Orders.swift */ = {isa = PBXFileReference; lastKnownFileType = sourcecode.swift; path = Orders.swift; sourceTree = "<group>"; };
		E8B77140283D92D8008D17CA /* Order.swift */ = {isa = PBXFileReference; lastKnownFileType = sourcecode.swift; path = Order.swift; sourceTree = "<group>"; };
		E8B77142283D9310008D17CA /* OrderItem.swift */ = {isa = PBXFileReference; lastKnownFileType = sourcecode.swift; path = OrderItem.swift; sourceTree = "<group>"; };
		E8B77144283D9340008D17CA /* OrderFinancialStatus.swift */ = {isa = PBXFileReference; lastKnownFileType = sourcecode.swift; path = OrderFinancialStatus.swift; sourceTree = "<group>"; };
		E8B77148283D9F79008D17CA /* DiscountCode.swift */ = {isa = PBXFileReference; lastKnownFileType = sourcecode.swift; path = DiscountCode.swift; sourceTree = "<group>"; };
		E8CA000228414F8C009216B7 /* RESegmentedControl.framework */ = {isa = PBXFileReference; explicitFileType = wrapper.framework; path = RESegmentedControl.framework; sourceTree = BUILT_PRODUCTS_DIR; };
		F75C3CD828479829006E2E43 /* CartItemsManager.swift */ = {isa = PBXFileReference; lastKnownFileType = sourcecode.swift; path = CartItemsManager.swift; sourceTree = "<group>"; };
		F75C3CDA28479837006E2E43 /* CartItemsManagerProtocol.swift */ = {isa = PBXFileReference; lastKnownFileType = sourcecode.swift; path = CartItemsManagerProtocol.swift; sourceTree = "<group>"; };
		F75C3CDD2847B7EB006E2E43 /* CartItemsRepo.swift */ = {isa = PBXFileReference; lastKnownFileType = sourcecode.swift; path = CartItemsRepo.swift; sourceTree = "<group>"; };
		F75C3CDF2847B7FA006E2E43 /* CartItemsRepoProtocol.swift */ = {isa = PBXFileReference; lastKnownFileType = sourcecode.swift; path = CartItemsRepoProtocol.swift; sourceTree = "<group>"; };
		F761908A2845F58600EA3AEC /* CartTableViewCell.swift */ = {isa = PBXFileReference; lastKnownFileType = sourcecode.swift; path = CartTableViewCell.swift; sourceTree = "<group>"; };
		F761908B2845F58600EA3AEC /* CartTableViewCell.xib */ = {isa = PBXFileReference; lastKnownFileType = file.xib; path = CartTableViewCell.xib; sourceTree = "<group>"; };
		F76781D82842124600AC5696 /* CustomerRepoProtocol.swift */ = {isa = PBXFileReference; lastKnownFileType = sourcecode.swift; path = CustomerRepoProtocol.swift; sourceTree = "<group>"; };
		F76781DB284212C000AC5696 /* CustomerRepo.swift */ = {isa = PBXFileReference; lastKnownFileType = sourcecode.swift; path = CustomerRepo.swift; sourceTree = "<group>"; };
		F76781DE2842177100AC5696 /* adsCell.swift */ = {isa = PBXFileReference; lastKnownFileType = sourcecode.swift; path = adsCell.swift; sourceTree = "<group>"; };
		F76781DF2842177100AC5696 /* adsCell.xib */ = {isa = PBXFileReference; lastKnownFileType = file.xib; path = adsCell.xib; sourceTree = "<group>"; };
		F76782142842336C00AC5696 /* BrandsCell.swift */ = {isa = PBXFileReference; lastKnownFileType = sourcecode.swift; path = BrandsCell.swift; sourceTree = "<group>"; };
		F76782152842336C00AC5696 /* BrandsCell.xib */ = {isa = PBXFileReference; lastKnownFileType = file.xib; path = BrandsCell.xib; sourceTree = "<group>"; };
		F767821828425FDF00AC5696 /* HomeViewModel.swift */ = {isa = PBXFileReference; lastKnownFileType = sourcecode.swift; name = HomeViewModel.swift; path = Shopinist/Modules/HomeScreen/View/BrandCell/HomeViewModel.swift; sourceTree = SOURCE_ROOT; };
		F7E8E1E62844F961000DAB50 /* CartViewController.swift */ = {isa = PBXFileReference; lastKnownFileType = sourcecode.swift; path = CartViewController.swift; sourceTree = "<group>"; };
		F7E8E1E72844F961000DAB50 /* CartViewController.xib */ = {isa = PBXFileReference; lastKnownFileType = file.xib; path = CartViewController.xib; sourceTree = "<group>"; };
		F7E8E1EA28451299000DAB50 /* CartCell.swift */ = {isa = PBXFileReference; lastKnownFileType = sourcecode.swift; path = CartCell.swift; sourceTree = "<group>"; };
		F7E8E1EB28451299000DAB50 /* CartCell.xib */ = {isa = PBXFileReference; lastKnownFileType = file.xib; path = CartCell.xib; sourceTree = "<group>"; };
/* End PBXFileReference section */

/* Begin PBXFrameworksBuildPhase section */
		E883F398283C20A500C19953 /* Frameworks */ = {
			isa = PBXFrameworksBuildPhase;
			buildActionMask = 2147483647;
			files = (
				F37DD77543640EFA6D87D5BD /* Pods_Shopinist.framework in Frameworks */,
			);
			runOnlyForDeploymentPostprocessing = 0;
		};
		E883F3B1283C20AA00C19953 /* Frameworks */ = {
			isa = PBXFrameworksBuildPhase;
			buildActionMask = 2147483647;
			files = (
				85F0A89AE3088D8FAC7292D5 /* Pods_ShopinistTests.framework in Frameworks */,
			);
			runOnlyForDeploymentPostprocessing = 0;
		};
		E883F3BC283C20AB00C19953 /* Frameworks */ = {
			isa = PBXFrameworksBuildPhase;
			buildActionMask = 2147483647;
			files = (
				D54E7D9133BBE30465871C2F /* Pods_Shopinist_ShopinistUITests.framework in Frameworks */,
			);
			runOnlyForDeploymentPostprocessing = 0;
		};
/* End PBXFrameworksBuildPhase section */

/* Begin PBXGroup section */
		67C47BB4F90726FEEE761E54 /* Frameworks */ = {
			isa = PBXGroup;
			children = (
				E8CA000228414F8C009216B7 /* RESegmentedControl.framework */,
				DC9600F205194413823AED15 /* Pods_Shopinist.framework */,
				6F4F3BBECD0C42DE6CAD0DD8 /* Pods_Shopinist_ShopinistUITests.framework */,
				4DCF316FA282EB766995C0F1 /* Pods_ShopinistTests.framework */,
			);
			name = Frameworks;
			sourceTree = "<group>";
		};
		8A11C838283FAB9F0091594D /* ProductDetailsScreen */ = {
			isa = PBXGroup;
			children = (
				8A11C839283FABB70091594D /* View */,
				8A11C83E283FB0B40091594D /* ViewModel */,
			);
			path = ProductDetailsScreen;
			sourceTree = "<group>";
		};
		8A11C839283FABB70091594D /* View */ = {
			isa = PBXGroup;
			children = (
				8A39F83D28402688009FD19B /* ProductCells */,
				8A11C83A283FAC5F0091594D /* ProductDetailsViewController.swift */,
				8A11C83B283FAC5F0091594D /* ProductDetailsViewController.xib */,
				8AC33DDE28415E2800B80E16 /* ProductVcExtension.swift */,
			);
			path = View;
			sourceTree = "<group>";
		};
		8A11C83E283FB0B40091594D /* ViewModel */ = {
			isa = PBXGroup;
			children = (
				8A11C83F283FB0E50091594D /* ProductDetailsViewModel.swift */,
				8A15D99928460491006B9C96 /* ProductDetailsViewModelProtocol.swift */,
			);
			path = ViewModel;
			sourceTree = "<group>";
		};
		8A15D99B28467017006B9C96 /* FavouritesScreen */ = {
			isa = PBXGroup;
			children = (
				8A15D99C28467034006B9C96 /* View */,
				8AF7DFB528474DEF00E7FADE /* ViewModel */,
			);
			path = FavouritesScreen;
			sourceTree = "<group>";
		};
		8A15D99C28467034006B9C96 /* View */ = {
			isa = PBXGroup;
			children = (
				8A15D9A1284674C9006B9C96 /* FavItemCell */,
				8A15D99D2846716D006B9C96 /* FavouritesViewController.swift */,
				8A15D99E2846716D006B9C96 /* FavouritesViewController.xib */,
			);
			path = View;
			sourceTree = "<group>";
		};
		8A15D9A1284674C9006B9C96 /* FavItemCell */ = {
			isa = PBXGroup;
			children = (
				8A15D9A228467511006B9C96 /* FavouriteTableViewCell.swift */,
				8A15D9A328467511006B9C96 /* FavouriteTableViewCell.xib */,
			);
			path = FavItemCell;
			sourceTree = "<group>";
		};
		8A1AD978284154F700A0202B /* ImageCell */ = {
			isa = PBXGroup;
			children = (
				8A39F83E284026D6009FD19B /* ProductCollectionViewCell.swift */,
				8A39F83F284026D6009FD19B /* ProductCollectionViewCell.xib */,
			);
			path = ImageCell;
			sourceTree = "<group>";
		};
		8A1AD9792841551F00A0202B /* SizeCell */ = {
			isa = PBXGroup;
			children = (
				8A1AD974284154E400A0202B /* ProductSizeCollectionViewCell.swift */,
				8A1AD975284154E400A0202B /* ProductSizeCollectionViewCell.xib */,
			);
			path = SizeCell;
			sourceTree = "<group>";
		};
		8A39F83D28402688009FD19B /* ProductCells */ = {
			isa = PBXGroup;
			children = (
				8A1AD9792841551F00A0202B /* SizeCell */,
				8A1AD978284154F700A0202B /* ImageCell */,
			);
			path = ProductCells;
			sourceTree = "<group>";
		};
		8AC33DDB28415DCF00B80E16 /* Cells */ = {
			isa = PBXGroup;
			children = (
			);
			path = Cells;
			sourceTree = "<group>";
		};
		8ADCF80F283EF5AA0017F2F7 /* ProductsRepo */ = {
			isa = PBXGroup;
			children = (
				8ADCF80B283EF56A0017F2F7 /* ProductsRepo.swift */,
				8ADCF80D283EF5920017F2F7 /* ProductsRepoProtocol.swift */,
			);
			path = ProductsRepo;
			sourceTree = "<group>";
		};
		8ADCF810283EFCBB0017F2F7 /* UIDesign */ = {
			isa = PBXGroup;
			children = (
				8ADCF811283EFCD40017F2F7 /* UIView.swift */,
				8A1B946E2840516800A1BCF5 /* UIImageView.swift */,
			);
			path = UIDesign;
			sourceTree = "<group>";
		};
		8AE32BC4283D42A6003DA57B /* Model */ = {
			isa = PBXGroup;
			children = (
				F75C3CDC2847B7CA006E2E43 /* CartItemsRepo */,
				F76781D72842122800AC5696 /* CustomerRepo */,
				E80F4691283FEDF5000D4826 /* OrderRepo */,
				8ADCF80F283EF5AA0017F2F7 /* ProductsRepo */,
				8AE9733A283E774D00725A9B /* Services */,
				8AE32BC5283D42B0003DA57B /* Models */,
			);
			path = Model;
			sourceTree = "<group>";
		};
		8AE32BC5283D42B0003DA57B /* Models */ = {
			isa = PBXGroup;
			children = (
				E8B7713D283D84D9008D17CA /* Order */,
				E8B77136283D7282008D17CA /* Customer */,
				8AE32BD2283D59F0003DA57B /* Product */,
				8AE32BDB283D5BD3003DA57B /* Category */,
			);
			path = Models;
			sourceTree = "<group>";
		};
		8AE32BD2283D59F0003DA57B /* Product */ = {
			isa = PBXGroup;
			children = (
				8AE32BCE283D4CC6003DA57B /* Products.swift */,
				8AE32BD0283D59C0003DA57B /* Product.swift */,
				8AE32BD3283D5A12003DA57B /* ProductImage.swift */,
				8AE32BD5283D5A3A003DA57B /* ProductOption.swift */,
				8AE32BD7283D5AB5003DA57B /* Variant.swift */,
				8AE32BD9283D5ADC003DA57B /* ProductEnums.swift */,
				E88C7E2A2842D71E00800389 /* StoredProduct.swift */,
			);
			path = Product;
			sourceTree = "<group>";
		};
		8AE32BDB283D5BD3003DA57B /* Category */ = {
			isa = PBXGroup;
			children = (
				8AE32BCA283D43AF003DA57B /* Category.swift */,
				8AE32BC8283D434F003DA57B /* Categories.swift */,
			);
			name = Category;
			sourceTree = "<group>";
		};
		8AE9733A283E774D00725A9B /* Services */ = {
			isa = PBXGroup;
			children = (
				E88C7E2C2842D74500800389 /* DatabaseServices */,
				8AE9733B283E776800725A9B /* NetworkServices */,
			);
			path = Services;
			sourceTree = "<group>";
		};
		8AE9733B283E776800725A9B /* NetworkServices */ = {
			isa = PBXGroup;
			children = (
				8AE9733C283E77A200725A9B /* NetworkManager.swift */,
				8AE97341283E796E00725A9B /* Errors.swift */,
				8AE97343283E798100725A9B /* EndPoints.swift */,
				8AE97349283ED80B00725A9B /* NetworkManagerProtocol.swift */,
			);
			path = NetworkServices;
			sourceTree = "<group>";
		};
		8AE9733E283E787B00725A9B /* Utils */ = {
			isa = PBXGroup;
			children = (
				8ADCF810283EFCBB0017F2F7 /* UIDesign */,
				8AE9733F283E788A00725A9B /* Constants.swift */,
				E896D67D28402F0500EE859F /* Formatter.swift */,
			);
			path = Utils;
			sourceTree = "<group>";
		};
		8AF7DFB528474DEF00E7FADE /* ViewModel */ = {
			isa = PBXGroup;
			children = (
				8AF7DFB628474F0500E7FADE /* FavouritesViewModel.swift */,
				8AF7DFB828474F2900E7FADE /* FavouritesViewModelProtocol.swift */,
			);
			path = ViewModel;
			sourceTree = "<group>";
		};
		BFBC4CC816B05181B79904E6 /* Pods */ = {
			isa = PBXGroup;
			children = (
				0238C688534D74FE22394E31 /* Pods-Shopinist.debug.xcconfig */,
				A898624C9DE6FEA32AEDCFA7 /* Pods-Shopinist.release.xcconfig */,
				A2A2D22ECC1FD94D3E3538B5 /* Pods-Shopinist-ShopinistUITests.debug.xcconfig */,
				D32172CCDEBB31B6428F91C5 /* Pods-Shopinist-ShopinistUITests.release.xcconfig */,
				663DF208ADB0770E9CBDC5C3 /* Pods-ShopinistTests.debug.xcconfig */,
				CB4752F052018B015C7B81E5 /* Pods-ShopinistTests.release.xcconfig */,
			);
			path = Pods;
			sourceTree = "<group>";
		};
		E80F4691283FEDF5000D4826 /* OrderRepo */ = {
			isa = PBXGroup;
			children = (
				E80F4692283FEDF5000D4826 /* OrderRepoProtocol.swift */,
				E80F4693283FEDF5000D4826 /* OrderRepo.swift */,
			);
			path = OrderRepo;
			sourceTree = "<group>";
		};
		E80F469C2840138E000D4826 /* Cell */ = {
			isa = PBXGroup;
			children = (
				E80F469828401387000D4826 /* CategoriesCollectionViewCell.swift */,
				E80F469928401387000D4826 /* CategoriesCollectionViewCell.xib */,
			);
			path = Cell;
			sourceTree = "<group>";
		};
		E85DD3762844A3CB003A7723 /* MainCategoriesScreen */ = {
			isa = PBXGroup;
			children = (
				E85DD38A2846B846003A7723 /* ViewModel */,
				E85DD3772844A3EE003A7723 /* View */,
			);
			path = MainCategoriesScreen;
			sourceTree = "<group>";
		};
		E85DD3772844A3EE003A7723 /* View */ = {
			isa = PBXGroup;
			children = (
				E85DD3852844C274003A7723 /* MainCategoryCell */,
				E85DD3792844A43E003A7723 /* MainCategoriesViewController.swift */,
				E85DD37A2844A43E003A7723 /* MainCategoriesViewController.xib */,
			);
			path = View;
			sourceTree = "<group>";
		};
		E85DD3852844C274003A7723 /* MainCategoryCell */ = {
			isa = PBXGroup;
			children = (
				E85DD3862844D512003A7723 /* MainCategoryCell.swift */,
				E85DD3872844D512003A7723 /* MainCategoryCell.xib */,
			);
			path = MainCategoryCell;
			sourceTree = "<group>";
		};
		E85DD38A2846B846003A7723 /* ViewModel */ = {
			isa = PBXGroup;
			children = (
				E85DD38B2846B85F003A7723 /* MainCategoriesViewModel.swift */,
				E85DD38D2846B87E003A7723 /* MainCategoriesViewModelProtocol.swift */,
			);
			path = ViewModel;
			sourceTree = "<group>";
		};
		E883F392283C20A500C19953 = {
			isa = PBXGroup;
			children = (
				E883F39D283C20A600C19953 /* Shopinist */,
				E883F3B7283C20AA00C19953 /* ShopinistTests */,
				E883F3C2283C20AB00C19953 /* ShopinistUITests */,
				E883F39C283C20A600C19953 /* Products */,
				BFBC4CC816B05181B79904E6 /* Pods */,
				67C47BB4F90726FEEE761E54 /* Frameworks */,
			);
			sourceTree = "<group>";
		};
		E883F39C283C20A600C19953 /* Products */ = {
			isa = PBXGroup;
			children = (
				E883F39B283C20A600C19953 /* Shopinist.app */,
				E883F3B4283C20AA00C19953 /* ShopinistTests.xctest */,
				E883F3BF283C20AB00C19953 /* ShopinistUITests.xctest */,
			);
			name = Products;
			sourceTree = "<group>";
		};
		E883F39D283C20A600C19953 /* Shopinist */ = {
			isa = PBXGroup;
			children = (
				8AC33DDB28415DCF00B80E16 /* Cells */,
				8AE9733E283E787B00725A9B /* Utils */,
				8AE32BC4283D42A6003DA57B /* Model */,
				E883F3E6283C4D7000C19953 /* AppDelegate */,
				E883F3DA283C3C9D00C19953 /* Modules */,
				E883F3AA283C20AA00C19953 /* Assets.xcassets */,
				E883F3AC283C20AA00C19953 /* LaunchScreen.storyboard */,
				E883F3AF283C20AA00C19953 /* Info.plist */,
				E883F3A7283C20A600C19953 /* Shopinist.xcdatamodeld */,
			);
			path = Shopinist;
			sourceTree = "<group>";
		};
		E883F3B7283C20AA00C19953 /* ShopinistTests */ = {
			isa = PBXGroup;
			children = (
				E883F3B8283C20AA00C19953 /* ShopinistTests.swift */,
				E883F3BA283C20AA00C19953 /* Info.plist */,
			);
			path = ShopinistTests;
			sourceTree = "<group>";
		};
		E883F3C2283C20AB00C19953 /* ShopinistUITests */ = {
			isa = PBXGroup;
			children = (
				E883F3C3283C20AB00C19953 /* ShopinistUITests.swift */,
				E883F3C5283C20AB00C19953 /* Info.plist */,
			);
			path = ShopinistUITests;
			sourceTree = "<group>";
		};
		E883F3DA283C3C9D00C19953 /* Modules */ = {
			isa = PBXGroup;
			children = (
				8A15D99B28467017006B9C96 /* FavouritesScreen */,
				F7E8E1DE2844D1D8000DAB50 /* CartScreen */,
				8A11C838283FAB9F0091594D /* ProductDetailsScreen */,
				E883F3ED283C510500C19953 /* ProfileScreen */,
				E883F3EA283C4F0C00C19953 /* CategoriesScreen */,
				E85DD3762844A3CB003A7723 /* MainCategoriesScreen */,
				E883F3E7283C4E3C00C19953 /* HomeScreen */,
			);
			path = Modules;
			sourceTree = "<group>";
		};
		E883F3E6283C4D7000C19953 /* AppDelegate */ = {
			isa = PBXGroup;
			children = (
				E883F39E283C20A600C19953 /* AppDelegate.swift */,
				E883F3A0283C20A600C19953 /* SceneDelegate.swift */,
			);
			path = AppDelegate;
			sourceTree = "<group>";
		};
		E883F3E7283C4E3C00C19953 /* HomeScreen */ = {
			isa = PBXGroup;
			children = (
				E883F3E8283C4EF000C19953 /* View */,
				E883F3E9283C4EFD00C19953 /* ViewModel */,
			);
			path = HomeScreen;
			sourceTree = "<group>";
		};
		E883F3E8283C4EF000C19953 /* View */ = {
			isa = PBXGroup;
			children = (
				F76782132842333B00AC5696 /* BrandCell */,
				F76781DD2842174D00AC5696 /* AdsCell */,
				E883F3A2283C20A600C19953 /* HomeViewController.swift */,
				E883F3D3283C23F600C19953 /* HomeViewController.xib */,
			);
			path = View;
			sourceTree = "<group>";
		};
		E883F3E9283C4EFD00C19953 /* ViewModel */ = {
			isa = PBXGroup;
			children = (
				F767821828425FDF00AC5696 /* HomeViewModel.swift */,
			);
			path = ViewModel;
			sourceTree = "<group>";
		};
		E883F3EA283C4F0C00C19953 /* CategoriesScreen */ = {
			isa = PBXGroup;
			children = (
				E883F3EC283C4F1F00C19953 /* View */,
				E883F3EB283C4F1700C19953 /* ViewModel */,
			);
			path = CategoriesScreen;
			sourceTree = "<group>";
		};
		E883F3EB283C4F1700C19953 /* ViewModel */ = {
			isa = PBXGroup;
			children = (
				E80F4696283FEE21000D4826 /* CategoriesViewModel.swift */,
				E862818F284742DA0003B1B8 /* CategoriesViewModelProtocol.swift */,
			);
			path = ViewModel;
			sourceTree = "<group>";
		};
		E883F3EC283C4F1F00C19953 /* View */ = {
			isa = PBXGroup;
			children = (
				E80F469C2840138E000D4826 /* Cell */,
				E883F3D5283C2C0A00C19953 /* CategoriesViewController.swift */,
				E883F3D6283C2C0A00C19953 /* CategoriesViewController.xib */,
			);
			path = View;
			sourceTree = "<group>";
		};
		E883F3ED283C510500C19953 /* ProfileScreen */ = {
			isa = PBXGroup;
			children = (
				E883F3EF283C511E00C19953 /* View */,
				E883F3EE283C511000C19953 /* ViewModel */,
			);
			path = ProfileScreen;
			sourceTree = "<group>";
		};
		E883F3EE283C511000C19953 /* ViewModel */ = {
			isa = PBXGroup;
			children = (
			);
			path = ViewModel;
			sourceTree = "<group>";
		};
		E883F3EF283C511E00C19953 /* View */ = {
			isa = PBXGroup;
			children = (
				E883F3E0283C464B00C19953 /* ProfileViewController.swift */,
				E883F3E1283C464B00C19953 /* ProfileViewController.xib */,
			);
			path = View;
			sourceTree = "<group>";
		};
		E88C7E2C2842D74500800389 /* DatabaseServices */ = {
			isa = PBXGroup;
			children = (
				E88C7E2D2842D76900800389 /* DatabaseManagerProtocol.swift */,
				E88C7E2F2842D7BB00800389 /* DatabaseManager.swift */,
				F75C3CD828479829006E2E43 /* CartItemsManager.swift */,
				F75C3CDA28479837006E2E43 /* CartItemsManagerProtocol.swift */,
			);
			path = DatabaseServices;
			sourceTree = "<group>";
		};
		E8B77136283D7282008D17CA /* Customer */ = {
			isa = PBXGroup;
			children = (
				E8B77137283D7299008D17CA /* Customers.swift */,
				E8B77139283D8430008D17CA /* Customer.swift */,
				E8B7713B283D8459008D17CA /* Address.swift */,
				8AE97345283ED0FD00725A9B /* PostCustomer.swift */,
			);
			path = Customer;
			sourceTree = "<group>";
		};
		E8B7713D283D84D9008D17CA /* Order */ = {
			isa = PBXGroup;
			children = (
				E8B7713E283D84EC008D17CA /* Orders.swift */,
				E8B77140283D92D8008D17CA /* Order.swift */,
				E8B77142283D9310008D17CA /* OrderItem.swift */,
				E8B77144283D9340008D17CA /* OrderFinancialStatus.swift */,
				E8B77148283D9F79008D17CA /* DiscountCode.swift */,
				8AE97347283ED14400725A9B /* PostOrder.swift */,
			);
			path = Order;
			sourceTree = "<group>";
		};
		F75C3CDC2847B7CA006E2E43 /* CartItemsRepo */ = {
			isa = PBXGroup;
			children = (
				F75C3CDD2847B7EB006E2E43 /* CartItemsRepo.swift */,
				F75C3CDF2847B7FA006E2E43 /* CartItemsRepoProtocol.swift */,
			);
			path = CartItemsRepo;
			sourceTree = "<group>";
		};
		F76781D72842122800AC5696 /* CustomerRepo */ = {
			isa = PBXGroup;
			children = (
				F76781D82842124600AC5696 /* CustomerRepoProtocol.swift */,
				F76781DB284212C000AC5696 /* CustomerRepo.swift */,
			);
			path = CustomerRepo;
			sourceTree = "<group>";
		};
		F76781DD2842174D00AC5696 /* AdsCell */ = {
			isa = PBXGroup;
			children = (
				F76781DE2842177100AC5696 /* adsCell.swift */,
				F76781DF2842177100AC5696 /* adsCell.xib */,
			);
			path = AdsCell;
			sourceTree = "<group>";
		};
		F76782132842333B00AC5696 /* BrandCell */ = {
			isa = PBXGroup;
			children = (
				F76782142842336C00AC5696 /* BrandsCell.swift */,
				F76782152842336C00AC5696 /* BrandsCell.xib */,
			);
			path = BrandCell;
			sourceTree = "<group>";
		};
		F7E8E1DE2844D1D8000DAB50 /* CartScreen */ = {
			isa = PBXGroup;
			children = (
				F7E8E1DF2844D20E000DAB50 /* View */,
				F7E8E1E02844D214000DAB50 /* ViewModel */,
			);
			path = CartScreen;
			sourceTree = "<group>";
		};
		F7E8E1DF2844D20E000DAB50 /* View */ = {
			isa = PBXGroup;
			children = (
				F7E8E1E52844D734000DAB50 /* CartItemCell */,
				F7E8E1E62844F961000DAB50 /* CartViewController.swift */,
				F7E8E1E72844F961000DAB50 /* CartViewController.xib */,
			);
			path = View;
			sourceTree = "<group>";
		};
		F7E8E1E02844D214000DAB50 /* ViewModel */ = {
			isa = PBXGroup;
			children = (
			);
			path = ViewModel;
			sourceTree = "<group>";
		};
		F7E8E1E52844D734000DAB50 /* CartItemCell */ = {
			isa = PBXGroup;
			children = (
				F7E8E1EA28451299000DAB50 /* CartCell.swift */,
				F7E8E1EB28451299000DAB50 /* CartCell.xib */,
				F761908A2845F58600EA3AEC /* CartTableViewCell.swift */,
				F761908B2845F58600EA3AEC /* CartTableViewCell.xib */,
			);
			path = CartItemCell;
			sourceTree = "<group>";
		};
/* End PBXGroup section */

/* Begin PBXNativeTarget section */
		E883F39A283C20A500C19953 /* Shopinist */ = {
			isa = PBXNativeTarget;
			buildConfigurationList = E883F3C8283C20AB00C19953 /* Build configuration list for PBXNativeTarget "Shopinist" */;
			buildPhases = (
				429CF11BA8CB506C6FDE017C /* [CP] Check Pods Manifest.lock */,
				E883F397283C20A500C19953 /* Sources */,
				E883F398283C20A500C19953 /* Frameworks */,
				E883F399283C20A500C19953 /* Resources */,
				EABFA663D790DFCE6C6DACFD /* [CP] Embed Pods Frameworks */,
			);
			buildRules = (
			);
			dependencies = (
			);
			name = Shopinist;
			productName = Shopinist;
			productReference = E883F39B283C20A600C19953 /* Shopinist.app */;
			productType = "com.apple.product-type.application";
		};
		E883F3B3283C20AA00C19953 /* ShopinistTests */ = {
			isa = PBXNativeTarget;
			buildConfigurationList = E883F3CB283C20AB00C19953 /* Build configuration list for PBXNativeTarget "ShopinistTests" */;
			buildPhases = (
				76E9E91AEE7238180CA1FE13 /* [CP] Check Pods Manifest.lock */,
				E883F3B0283C20AA00C19953 /* Sources */,
				E883F3B1283C20AA00C19953 /* Frameworks */,
				E883F3B2283C20AA00C19953 /* Resources */,
			);
			buildRules = (
			);
			dependencies = (
				E883F3B6283C20AA00C19953 /* PBXTargetDependency */,
			);
			name = ShopinistTests;
			productName = ShopinistTests;
			productReference = E883F3B4283C20AA00C19953 /* ShopinistTests.xctest */;
			productType = "com.apple.product-type.bundle.unit-test";
		};
		E883F3BE283C20AB00C19953 /* ShopinistUITests */ = {
			isa = PBXNativeTarget;
			buildConfigurationList = E883F3CE283C20AB00C19953 /* Build configuration list for PBXNativeTarget "ShopinistUITests" */;
			buildPhases = (
				1D571C62D4B915F2E82FAB44 /* [CP] Check Pods Manifest.lock */,
				E883F3BB283C20AB00C19953 /* Sources */,
				E883F3BC283C20AB00C19953 /* Frameworks */,
				E883F3BD283C20AB00C19953 /* Resources */,
				E068D1A874C7EBA97F6CE42D /* [CP] Embed Pods Frameworks */,
			);
			buildRules = (
			);
			dependencies = (
				E883F3C1283C20AB00C19953 /* PBXTargetDependency */,
			);
			name = ShopinistUITests;
			productName = ShopinistUITests;
			productReference = E883F3BF283C20AB00C19953 /* ShopinistUITests.xctest */;
			productType = "com.apple.product-type.bundle.ui-testing";
		};
/* End PBXNativeTarget section */

/* Begin PBXProject section */
		E883F393283C20A500C19953 /* Project object */ = {
			isa = PBXProject;
			attributes = {
				LastSwiftUpdateCheck = 1150;
				LastUpgradeCheck = 1150;
				ORGANIZATIONNAME = "MAD 42";
				TargetAttributes = {
					E883F39A283C20A500C19953 = {
						CreatedOnToolsVersion = 11.5;
					};
					E883F3B3283C20AA00C19953 = {
						CreatedOnToolsVersion = 11.5;
						TestTargetID = E883F39A283C20A500C19953;
					};
					E883F3BE283C20AB00C19953 = {
						CreatedOnToolsVersion = 11.5;
						TestTargetID = E883F39A283C20A500C19953;
					};
				};
			};
			buildConfigurationList = E883F396283C20A500C19953 /* Build configuration list for PBXProject "Shopinist" */;
			compatibilityVersion = "Xcode 9.3";
			developmentRegion = en;
			hasScannedForEncodings = 0;
			knownRegions = (
				en,
				Base,
			);
			mainGroup = E883F392283C20A500C19953;
			productRefGroup = E883F39C283C20A600C19953 /* Products */;
			projectDirPath = "";
			projectRoot = "";
			targets = (
				E883F39A283C20A500C19953 /* Shopinist */,
				E883F3B3283C20AA00C19953 /* ShopinistTests */,
				E883F3BE283C20AB00C19953 /* ShopinistUITests */,
			);
		};
/* End PBXProject section */

/* Begin PBXResourcesBuildPhase section */
		E883F399283C20A500C19953 /* Resources */ = {
			isa = PBXResourcesBuildPhase;
			buildActionMask = 2147483647;
			files = (
				E883F3D8283C2C0A00C19953 /* CategoriesViewController.xib in Resources */,
				F7E8E1ED28451299000DAB50 /* CartCell.xib in Resources */,
				E883F3AE283C20AA00C19953 /* LaunchScreen.storyboard in Resources */,
				8A15D9A528467511006B9C96 /* FavouriteTableViewCell.xib in Resources */,
				E85DD37C2844A43E003A7723 /* MainCategoriesViewController.xib in Resources */,
				F76782172842336C00AC5696 /* BrandsCell.xib in Resources */,
				F76781E12842177100AC5696 /* adsCell.xib in Resources */,
				E85DD3892844D512003A7723 /* MainCategoryCell.xib in Resources */,
				E883F3D4283C23F600C19953 /* HomeViewController.xib in Resources */,
				8A39F841284026D6009FD19B /* ProductCollectionViewCell.xib in Resources */,
				F7E8E1E92844F961000DAB50 /* CartViewController.xib in Resources */,
				E883F3E3283C464B00C19953 /* ProfileViewController.xib in Resources */,
				F761908D2845F58600EA3AEC /* CartTableViewCell.xib in Resources */,
				E80F469B28401387000D4826 /* CategoriesCollectionViewCell.xib in Resources */,
				8A15D9A02846716D006B9C96 /* FavouritesViewController.xib in Resources */,
				8A11C83D283FAC5F0091594D /* ProductDetailsViewController.xib in Resources */,
				E883F3AB283C20AA00C19953 /* Assets.xcassets in Resources */,
				8A1AD977284154E400A0202B /* ProductSizeCollectionViewCell.xib in Resources */,
			);
			runOnlyForDeploymentPostprocessing = 0;
		};
		E883F3B2283C20AA00C19953 /* Resources */ = {
			isa = PBXResourcesBuildPhase;
			buildActionMask = 2147483647;
			files = (
			);
			runOnlyForDeploymentPostprocessing = 0;
		};
		E883F3BD283C20AB00C19953 /* Resources */ = {
			isa = PBXResourcesBuildPhase;
			buildActionMask = 2147483647;
			files = (
			);
			runOnlyForDeploymentPostprocessing = 0;
		};
/* End PBXResourcesBuildPhase section */

/* Begin PBXShellScriptBuildPhase section */
		1D571C62D4B915F2E82FAB44 /* [CP] Check Pods Manifest.lock */ = {
			isa = PBXShellScriptBuildPhase;
			buildActionMask = 2147483647;
			files = (
			);
			inputFileListPaths = (
			);
			inputPaths = (
				"${PODS_PODFILE_DIR_PATH}/Podfile.lock",
				"${PODS_ROOT}/Manifest.lock",
			);
			name = "[CP] Check Pods Manifest.lock";
			outputFileListPaths = (
			);
			outputPaths = (
				"$(DERIVED_FILE_DIR)/Pods-Shopinist-ShopinistUITests-checkManifestLockResult.txt",
			);
			runOnlyForDeploymentPostprocessing = 0;
			shellPath = /bin/sh;
			shellScript = "diff \"${PODS_PODFILE_DIR_PATH}/Podfile.lock\" \"${PODS_ROOT}/Manifest.lock\" > /dev/null\nif [ $? != 0 ] ; then\n    # print error to STDERR\n    echo \"error: The sandbox is not in sync with the Podfile.lock. Run 'pod install' or update your CocoaPods installation.\" >&2\n    exit 1\nfi\n# This output is used by Xcode 'outputs' to avoid re-running this script phase.\necho \"SUCCESS\" > \"${SCRIPT_OUTPUT_FILE_0}\"\n";
			showEnvVarsInLog = 0;
		};
		429CF11BA8CB506C6FDE017C /* [CP] Check Pods Manifest.lock */ = {
			isa = PBXShellScriptBuildPhase;
			buildActionMask = 2147483647;
			files = (
			);
			inputFileListPaths = (
			);
			inputPaths = (
				"${PODS_PODFILE_DIR_PATH}/Podfile.lock",
				"${PODS_ROOT}/Manifest.lock",
			);
			name = "[CP] Check Pods Manifest.lock";
			outputFileListPaths = (
			);
			outputPaths = (
				"$(DERIVED_FILE_DIR)/Pods-Shopinist-checkManifestLockResult.txt",
			);
			runOnlyForDeploymentPostprocessing = 0;
			shellPath = /bin/sh;
			shellScript = "diff \"${PODS_PODFILE_DIR_PATH}/Podfile.lock\" \"${PODS_ROOT}/Manifest.lock\" > /dev/null\nif [ $? != 0 ] ; then\n    # print error to STDERR\n    echo \"error: The sandbox is not in sync with the Podfile.lock. Run 'pod install' or update your CocoaPods installation.\" >&2\n    exit 1\nfi\n# This output is used by Xcode 'outputs' to avoid re-running this script phase.\necho \"SUCCESS\" > \"${SCRIPT_OUTPUT_FILE_0}\"\n";
			showEnvVarsInLog = 0;
		};
		76E9E91AEE7238180CA1FE13 /* [CP] Check Pods Manifest.lock */ = {
			isa = PBXShellScriptBuildPhase;
			buildActionMask = 2147483647;
			files = (
			);
			inputFileListPaths = (
			);
			inputPaths = (
				"${PODS_PODFILE_DIR_PATH}/Podfile.lock",
				"${PODS_ROOT}/Manifest.lock",
			);
			name = "[CP] Check Pods Manifest.lock";
			outputFileListPaths = (
			);
			outputPaths = (
				"$(DERIVED_FILE_DIR)/Pods-ShopinistTests-checkManifestLockResult.txt",
			);
			runOnlyForDeploymentPostprocessing = 0;
			shellPath = /bin/sh;
			shellScript = "diff \"${PODS_PODFILE_DIR_PATH}/Podfile.lock\" \"${PODS_ROOT}/Manifest.lock\" > /dev/null\nif [ $? != 0 ] ; then\n    # print error to STDERR\n    echo \"error: The sandbox is not in sync with the Podfile.lock. Run 'pod install' or update your CocoaPods installation.\" >&2\n    exit 1\nfi\n# This output is used by Xcode 'outputs' to avoid re-running this script phase.\necho \"SUCCESS\" > \"${SCRIPT_OUTPUT_FILE_0}\"\n";
			showEnvVarsInLog = 0;
		};
		E068D1A874C7EBA97F6CE42D /* [CP] Embed Pods Frameworks */ = {
			isa = PBXShellScriptBuildPhase;
			buildActionMask = 2147483647;
			files = (
			);
			inputFileListPaths = (
				"${PODS_ROOT}/Target Support Files/Pods-Shopinist-ShopinistUITests/Pods-Shopinist-ShopinistUITests-frameworks-${CONFIGURATION}-input-files.xcfilelist",
			);
			name = "[CP] Embed Pods Frameworks";
			outputFileListPaths = (
				"${PODS_ROOT}/Target Support Files/Pods-Shopinist-ShopinistUITests/Pods-Shopinist-ShopinistUITests-frameworks-${CONFIGURATION}-output-files.xcfilelist",
			);
			runOnlyForDeploymentPostprocessing = 0;
			shellPath = /bin/sh;
			shellScript = "\"${PODS_ROOT}/Target Support Files/Pods-Shopinist-ShopinistUITests/Pods-Shopinist-ShopinistUITests-frameworks.sh\"\n";
			showEnvVarsInLog = 0;
		};
		EABFA663D790DFCE6C6DACFD /* [CP] Embed Pods Frameworks */ = {
			isa = PBXShellScriptBuildPhase;
			buildActionMask = 2147483647;
			files = (
			);
			inputFileListPaths = (
				"${PODS_ROOT}/Target Support Files/Pods-Shopinist/Pods-Shopinist-frameworks-${CONFIGURATION}-input-files.xcfilelist",
			);
			name = "[CP] Embed Pods Frameworks";
			outputFileListPaths = (
				"${PODS_ROOT}/Target Support Files/Pods-Shopinist/Pods-Shopinist-frameworks-${CONFIGURATION}-output-files.xcfilelist",
			);
			runOnlyForDeploymentPostprocessing = 0;
			shellPath = /bin/sh;
			shellScript = "\"${PODS_ROOT}/Target Support Files/Pods-Shopinist/Pods-Shopinist-frameworks.sh\"\n";
			showEnvVarsInLog = 0;
		};
/* End PBXShellScriptBuildPhase section */

/* Begin PBXSourcesBuildPhase section */
		E883F397283C20A500C19953 /* Sources */ = {
			isa = PBXSourcesBuildPhase;
			buildActionMask = 2147483647;
			files = (
				8ADCF812283EFCD40017F2F7 /* UIView.swift in Sources */,
				8AE97344283E798100725A9B /* EndPoints.swift in Sources */,
				8A39F840284026D6009FD19B /* ProductCollectionViewCell.swift in Sources */,
				F7E8E1E82844F961000DAB50 /* CartViewController.swift in Sources */,
				8AE9733D283E77A200725A9B /* NetworkManager.swift in Sources */,
				8AE32BD8283D5AB5003DA57B /* Variant.swift in Sources */,
				E80F4695283FEDF5000D4826 /* OrderRepo.swift in Sources */,
				8AE32BD6283D5A3A003DA57B /* ProductOption.swift in Sources */,
				F76781D92842124600AC5696 /* CustomerRepoProtocol.swift in Sources */,
				8AC33DDF28415E2800B80E16 /* ProductVcExtension.swift in Sources */,
				8A15D99A28460491006B9C96 /* ProductDetailsViewModelProtocol.swift in Sources */,
				8A1AD976284154E400A0202B /* ProductSizeCollectionViewCell.swift in Sources */,
				8AE32BCF283D4CC6003DA57B /* Products.swift in Sources */,
				F75C3CD928479829006E2E43 /* CartItemsManager.swift in Sources */,
				E8B77141283D92D8008D17CA /* Order.swift in Sources */,
				E80F4697283FEE21000D4826 /* CategoriesViewModel.swift in Sources */,
				E85DD38C2846B85F003A7723 /* MainCategoriesViewModel.swift in Sources */,
				8AE32BD4283D5A12003DA57B /* ProductImage.swift in Sources */,
				F76782162842336C00AC5696 /* BrandsCell.swift in Sources */,
				E8628190284742DA0003B1B8 /* CategoriesViewModelProtocol.swift in Sources */,
				F76781E02842177100AC5696 /* adsCell.swift in Sources */,
				8AF7DFB928474F2900E7FADE /* FavouritesViewModelProtocol.swift in Sources */,
				F76781DC284212C000AC5696 /* CustomerRepo.swift in Sources */,
				8AE32BDA283D5ADC003DA57B /* ProductEnums.swift in Sources */,
				8AE32BCB283D43AF003DA57B /* Category.swift in Sources */,
				F767821928425FDF00AC5696 /* HomeViewModel.swift in Sources */,
				8AF7DFB728474F0500E7FADE /* FavouritesViewModel.swift in Sources */,
				8A15D9A428467511006B9C96 /* FavouriteTableViewCell.swift in Sources */,
				E8B7713F283D84EC008D17CA /* Orders.swift in Sources */,
				8AE9734A283ED80B00725A9B /* NetworkManagerProtocol.swift in Sources */,
				E883F3A3283C20A600C19953 /* HomeViewController.swift in Sources */,
				E85DD37B2844A43E003A7723 /* MainCategoriesViewController.swift in Sources */,
				E883F39F283C20A600C19953 /* AppDelegate.swift in Sources */,
				8AE32BC9283D434F003DA57B /* Categories.swift in Sources */,
				E883F3A1283C20A600C19953 /* SceneDelegate.swift in Sources */,
				E80F469A28401387000D4826 /* CategoriesCollectionViewCell.swift in Sources */,
				F75C3CDB28479837006E2E43 /* CartItemsManagerProtocol.swift in Sources */,
				E8B77145283D9340008D17CA /* OrderFinancialStatus.swift in Sources */,
				F75C3CDE2847B7EB006E2E43 /* CartItemsRepo.swift in Sources */,
				E883F3D7283C2C0A00C19953 /* CategoriesViewController.swift in Sources */,
				E8B7713A283D8430008D17CA /* Customer.swift in Sources */,
				8AE97342283E796E00725A9B /* Errors.swift in Sources */,
				E8B7713C283D8459008D17CA /* Address.swift in Sources */,
				E88C7E2E2842D76900800389 /* DatabaseManagerProtocol.swift in Sources */,
				8AE32BD1283D59C0003DA57B /* Product.swift in Sources */,
				8ADCF80E283EF5920017F2F7 /* ProductsRepoProtocol.swift in Sources */,
				8A11C840283FB0E50091594D /* ProductDetailsViewModel.swift in Sources */,
				E896D67E28402F0500EE859F /* Formatter.swift in Sources */,
				E8B77149283D9F79008D17CA /* DiscountCode.swift in Sources */,
				8A15D99F2846716D006B9C96 /* FavouritesViewController.swift in Sources */,
				F75C3CE02847B7FA006E2E43 /* CartItemsRepoProtocol.swift in Sources */,
				F761908C2845F58600EA3AEC /* CartTableViewCell.swift in Sources */,
				E88C7E302842D7BB00800389 /* DatabaseManager.swift in Sources */,
				8A11C83C283FAC5F0091594D /* ProductDetailsViewController.swift in Sources */,
				E85DD38E2846B87E003A7723 /* MainCategoriesViewModelProtocol.swift in Sources */,
				E8B77143283D9310008D17CA /* OrderItem.swift in Sources */,
				F7E8E1EC28451299000DAB50 /* CartCell.swift in Sources */,
				E88C7E2B2842D71E00800389 /* StoredProduct.swift in Sources */,
				8A1B946F2840516800A1BCF5 /* UIImageView.swift in Sources */,
				E85DD3882844D512003A7723 /* MainCategoryCell.swift in Sources */,
				8ADCF80C283EF56A0017F2F7 /* ProductsRepo.swift in Sources */,
				E883F3E2283C464B00C19953 /* ProfileViewController.swift in Sources */,
				E8B77138283D7299008D17CA /* Customers.swift in Sources */,
				8AE97348283ED14400725A9B /* PostOrder.swift in Sources */,
				E80F4694283FEDF5000D4826 /* OrderRepoProtocol.swift in Sources */,
				E883F3A9283C20A600C19953 /* Shopinist.xcdatamodeld in Sources */,
				8AE97346283ED0FD00725A9B /* PostCustomer.swift in Sources */,
				8AE97340283E788A00725A9B /* Constants.swift in Sources */,
			);
			runOnlyForDeploymentPostprocessing = 0;
		};
		E883F3B0283C20AA00C19953 /* Sources */ = {
			isa = PBXSourcesBuildPhase;
			buildActionMask = 2147483647;
			files = (
				E883F3B9283C20AA00C19953 /* ShopinistTests.swift in Sources */,
			);
			runOnlyForDeploymentPostprocessing = 0;
		};
		E883F3BB283C20AB00C19953 /* Sources */ = {
			isa = PBXSourcesBuildPhase;
			buildActionMask = 2147483647;
			files = (
				E883F3C4283C20AB00C19953 /* ShopinistUITests.swift in Sources */,
			);
			runOnlyForDeploymentPostprocessing = 0;
		};
/* End PBXSourcesBuildPhase section */

/* Begin PBXTargetDependency section */
		E883F3B6283C20AA00C19953 /* PBXTargetDependency */ = {
			isa = PBXTargetDependency;
			target = E883F39A283C20A500C19953 /* Shopinist */;
			targetProxy = E883F3B5283C20AA00C19953 /* PBXContainerItemProxy */;
		};
		E883F3C1283C20AB00C19953 /* PBXTargetDependency */ = {
			isa = PBXTargetDependency;
			target = E883F39A283C20A500C19953 /* Shopinist */;
			targetProxy = E883F3C0283C20AB00C19953 /* PBXContainerItemProxy */;
		};
/* End PBXTargetDependency section */

/* Begin PBXVariantGroup section */
		E883F3AC283C20AA00C19953 /* LaunchScreen.storyboard */ = {
			isa = PBXVariantGroup;
			children = (
				E883F3AD283C20AA00C19953 /* Base */,
			);
			name = LaunchScreen.storyboard;
			sourceTree = "<group>";
		};
/* End PBXVariantGroup section */

/* Begin XCBuildConfiguration section */
		E883F3C6283C20AB00C19953 /* Debug */ = {
			isa = XCBuildConfiguration;
			buildSettings = {
				ALWAYS_SEARCH_USER_PATHS = NO;
				CLANG_ANALYZER_NONNULL = YES;
				CLANG_ANALYZER_NUMBER_OBJECT_CONVERSION = YES_AGGRESSIVE;
				CLANG_CXX_LANGUAGE_STANDARD = "gnu++14";
				CLANG_CXX_LIBRARY = "libc++";
				CLANG_ENABLE_MODULES = YES;
				CLANG_ENABLE_OBJC_ARC = YES;
				CLANG_ENABLE_OBJC_WEAK = YES;
				CLANG_WARN_BLOCK_CAPTURE_AUTORELEASING = YES;
				CLANG_WARN_BOOL_CONVERSION = YES;
				CLANG_WARN_COMMA = YES;
				CLANG_WARN_CONSTANT_CONVERSION = YES;
				CLANG_WARN_DEPRECATED_OBJC_IMPLEMENTATIONS = YES;
				CLANG_WARN_DIRECT_OBJC_ISA_USAGE = YES_ERROR;
				CLANG_WARN_DOCUMENTATION_COMMENTS = YES;
				CLANG_WARN_EMPTY_BODY = YES;
				CLANG_WARN_ENUM_CONVERSION = YES;
				CLANG_WARN_INFINITE_RECURSION = YES;
				CLANG_WARN_INT_CONVERSION = YES;
				CLANG_WARN_NON_LITERAL_NULL_CONVERSION = YES;
				CLANG_WARN_OBJC_IMPLICIT_RETAIN_SELF = YES;
				CLANG_WARN_OBJC_LITERAL_CONVERSION = YES;
				CLANG_WARN_OBJC_ROOT_CLASS = YES_ERROR;
				CLANG_WARN_RANGE_LOOP_ANALYSIS = YES;
				CLANG_WARN_STRICT_PROTOTYPES = YES;
				CLANG_WARN_SUSPICIOUS_MOVE = YES;
				CLANG_WARN_UNGUARDED_AVAILABILITY = YES_AGGRESSIVE;
				CLANG_WARN_UNREACHABLE_CODE = YES;
				CLANG_WARN__DUPLICATE_METHOD_MATCH = YES;
				COPY_PHASE_STRIP = NO;
				DEBUG_INFORMATION_FORMAT = dwarf;
				ENABLE_STRICT_OBJC_MSGSEND = YES;
				ENABLE_TESTABILITY = YES;
				GCC_C_LANGUAGE_STANDARD = gnu11;
				GCC_DYNAMIC_NO_PIC = NO;
				GCC_NO_COMMON_BLOCKS = YES;
				GCC_OPTIMIZATION_LEVEL = 0;
				GCC_PREPROCESSOR_DEFINITIONS = (
					"DEBUG=1",
					"$(inherited)",
				);
				GCC_WARN_64_TO_32_BIT_CONVERSION = YES;
				GCC_WARN_ABOUT_RETURN_TYPE = YES_ERROR;
				GCC_WARN_UNDECLARED_SELECTOR = YES;
				GCC_WARN_UNINITIALIZED_AUTOS = YES_AGGRESSIVE;
				GCC_WARN_UNUSED_FUNCTION = YES;
				GCC_WARN_UNUSED_VARIABLE = YES;
				IPHONEOS_DEPLOYMENT_TARGET = 13.5;
				MTL_ENABLE_DEBUG_INFO = INCLUDE_SOURCE;
				MTL_FAST_MATH = YES;
				ONLY_ACTIVE_ARCH = YES;
				SDKROOT = iphoneos;
				SWIFT_ACTIVE_COMPILATION_CONDITIONS = DEBUG;
				SWIFT_OPTIMIZATION_LEVEL = "-Onone";
			};
			name = Debug;
		};
		E883F3C7283C20AB00C19953 /* Release */ = {
			isa = XCBuildConfiguration;
			buildSettings = {
				ALWAYS_SEARCH_USER_PATHS = NO;
				CLANG_ANALYZER_NONNULL = YES;
				CLANG_ANALYZER_NUMBER_OBJECT_CONVERSION = YES_AGGRESSIVE;
				CLANG_CXX_LANGUAGE_STANDARD = "gnu++14";
				CLANG_CXX_LIBRARY = "libc++";
				CLANG_ENABLE_MODULES = YES;
				CLANG_ENABLE_OBJC_ARC = YES;
				CLANG_ENABLE_OBJC_WEAK = YES;
				CLANG_WARN_BLOCK_CAPTURE_AUTORELEASING = YES;
				CLANG_WARN_BOOL_CONVERSION = YES;
				CLANG_WARN_COMMA = YES;
				CLANG_WARN_CONSTANT_CONVERSION = YES;
				CLANG_WARN_DEPRECATED_OBJC_IMPLEMENTATIONS = YES;
				CLANG_WARN_DIRECT_OBJC_ISA_USAGE = YES_ERROR;
				CLANG_WARN_DOCUMENTATION_COMMENTS = YES;
				CLANG_WARN_EMPTY_BODY = YES;
				CLANG_WARN_ENUM_CONVERSION = YES;
				CLANG_WARN_INFINITE_RECURSION = YES;
				CLANG_WARN_INT_CONVERSION = YES;
				CLANG_WARN_NON_LITERAL_NULL_CONVERSION = YES;
				CLANG_WARN_OBJC_IMPLICIT_RETAIN_SELF = YES;
				CLANG_WARN_OBJC_LITERAL_CONVERSION = YES;
				CLANG_WARN_OBJC_ROOT_CLASS = YES_ERROR;
				CLANG_WARN_RANGE_LOOP_ANALYSIS = YES;
				CLANG_WARN_STRICT_PROTOTYPES = YES;
				CLANG_WARN_SUSPICIOUS_MOVE = YES;
				CLANG_WARN_UNGUARDED_AVAILABILITY = YES_AGGRESSIVE;
				CLANG_WARN_UNREACHABLE_CODE = YES;
				CLANG_WARN__DUPLICATE_METHOD_MATCH = YES;
				COPY_PHASE_STRIP = NO;
				DEBUG_INFORMATION_FORMAT = "dwarf-with-dsym";
				ENABLE_NS_ASSERTIONS = NO;
				ENABLE_STRICT_OBJC_MSGSEND = YES;
				GCC_C_LANGUAGE_STANDARD = gnu11;
				GCC_NO_COMMON_BLOCKS = YES;
				GCC_WARN_64_TO_32_BIT_CONVERSION = YES;
				GCC_WARN_ABOUT_RETURN_TYPE = YES_ERROR;
				GCC_WARN_UNDECLARED_SELECTOR = YES;
				GCC_WARN_UNINITIALIZED_AUTOS = YES_AGGRESSIVE;
				GCC_WARN_UNUSED_FUNCTION = YES;
				GCC_WARN_UNUSED_VARIABLE = YES;
				IPHONEOS_DEPLOYMENT_TARGET = 13.5;
				MTL_ENABLE_DEBUG_INFO = NO;
				MTL_FAST_MATH = YES;
				SDKROOT = iphoneos;
				SWIFT_COMPILATION_MODE = wholemodule;
				SWIFT_OPTIMIZATION_LEVEL = "-O";
				VALIDATE_PRODUCT = YES;
			};
			name = Release;
		};
		E883F3C9283C20AB00C19953 /* Debug */ = {
			isa = XCBuildConfiguration;
			baseConfigurationReference = 0238C688534D74FE22394E31 /* Pods-Shopinist.debug.xcconfig */;
			buildSettings = {
				ASSETCATALOG_COMPILER_APPICON_NAME = AppIcon;
				CODE_SIGN_STYLE = Automatic;
				INFOPLIST_FILE = Shopinist/Info.plist;
				LD_RUNPATH_SEARCH_PATHS = (
					"$(inherited)",
					"@executable_path/Frameworks",
				);
				PRODUCT_BUNDLE_IDENTIFIER = com.mad42.Shopinist;
				PRODUCT_NAME = "$(TARGET_NAME)";
				SWIFT_VERSION = 5.0;
				TARGETED_DEVICE_FAMILY = "1,2";
			};
			name = Debug;
		};
		E883F3CA283C20AB00C19953 /* Release */ = {
			isa = XCBuildConfiguration;
			baseConfigurationReference = A898624C9DE6FEA32AEDCFA7 /* Pods-Shopinist.release.xcconfig */;
			buildSettings = {
				ASSETCATALOG_COMPILER_APPICON_NAME = AppIcon;
				CODE_SIGN_STYLE = Automatic;
				INFOPLIST_FILE = Shopinist/Info.plist;
				LD_RUNPATH_SEARCH_PATHS = (
					"$(inherited)",
					"@executable_path/Frameworks",
				);
				PRODUCT_BUNDLE_IDENTIFIER = com.mad42.Shopinist;
				PRODUCT_NAME = "$(TARGET_NAME)";
				SWIFT_VERSION = 5.0;
				TARGETED_DEVICE_FAMILY = "1,2";
			};
			name = Release;
		};
		E883F3CC283C20AB00C19953 /* Debug */ = {
			isa = XCBuildConfiguration;
			baseConfigurationReference = 663DF208ADB0770E9CBDC5C3 /* Pods-ShopinistTests.debug.xcconfig */;
			buildSettings = {
				ALWAYS_EMBED_SWIFT_STANDARD_LIBRARIES = YES;
				BUNDLE_LOADER = "$(TEST_HOST)";
				CODE_SIGN_STYLE = Automatic;
				INFOPLIST_FILE = ShopinistTests/Info.plist;
				IPHONEOS_DEPLOYMENT_TARGET = 13.5;
				LD_RUNPATH_SEARCH_PATHS = (
					"$(inherited)",
					"@executable_path/Frameworks",
					"@loader_path/Frameworks",
				);
				PRODUCT_BUNDLE_IDENTIFIER = com.mad42.ShopinistTests;
				PRODUCT_NAME = "$(TARGET_NAME)";
				SWIFT_VERSION = 5.0;
				TARGETED_DEVICE_FAMILY = "1,2";
				TEST_HOST = "$(BUILT_PRODUCTS_DIR)/Shopinist.app/Shopinist";
			};
			name = Debug;
		};
		E883F3CD283C20AB00C19953 /* Release */ = {
			isa = XCBuildConfiguration;
			baseConfigurationReference = CB4752F052018B015C7B81E5 /* Pods-ShopinistTests.release.xcconfig */;
			buildSettings = {
				ALWAYS_EMBED_SWIFT_STANDARD_LIBRARIES = YES;
				BUNDLE_LOADER = "$(TEST_HOST)";
				CODE_SIGN_STYLE = Automatic;
				INFOPLIST_FILE = ShopinistTests/Info.plist;
				IPHONEOS_DEPLOYMENT_TARGET = 13.5;
				LD_RUNPATH_SEARCH_PATHS = (
					"$(inherited)",
					"@executable_path/Frameworks",
					"@loader_path/Frameworks",
				);
				PRODUCT_BUNDLE_IDENTIFIER = com.mad42.ShopinistTests;
				PRODUCT_NAME = "$(TARGET_NAME)";
				SWIFT_VERSION = 5.0;
				TARGETED_DEVICE_FAMILY = "1,2";
				TEST_HOST = "$(BUILT_PRODUCTS_DIR)/Shopinist.app/Shopinist";
			};
			name = Release;
		};
		E883F3CF283C20AB00C19953 /* Debug */ = {
			isa = XCBuildConfiguration;
			baseConfigurationReference = A2A2D22ECC1FD94D3E3538B5 /* Pods-Shopinist-ShopinistUITests.debug.xcconfig */;
			buildSettings = {
				ALWAYS_EMBED_SWIFT_STANDARD_LIBRARIES = YES;
				CODE_SIGN_STYLE = Automatic;
				INFOPLIST_FILE = ShopinistUITests/Info.plist;
				LD_RUNPATH_SEARCH_PATHS = (
					"$(inherited)",
					"@executable_path/Frameworks",
					"@loader_path/Frameworks",
				);
				PRODUCT_BUNDLE_IDENTIFIER = com.mad42.ShopinistUITests;
				PRODUCT_NAME = "$(TARGET_NAME)";
				SWIFT_VERSION = 5.0;
				TARGETED_DEVICE_FAMILY = "1,2";
				TEST_TARGET_NAME = Shopinist;
			};
			name = Debug;
		};
		E883F3D0283C20AB00C19953 /* Release */ = {
			isa = XCBuildConfiguration;
			baseConfigurationReference = D32172CCDEBB31B6428F91C5 /* Pods-Shopinist-ShopinistUITests.release.xcconfig */;
			buildSettings = {
				ALWAYS_EMBED_SWIFT_STANDARD_LIBRARIES = YES;
				CODE_SIGN_STYLE = Automatic;
				INFOPLIST_FILE = ShopinistUITests/Info.plist;
				LD_RUNPATH_SEARCH_PATHS = (
					"$(inherited)",
					"@executable_path/Frameworks",
					"@loader_path/Frameworks",
				);
				PRODUCT_BUNDLE_IDENTIFIER = com.mad42.ShopinistUITests;
				PRODUCT_NAME = "$(TARGET_NAME)";
				SWIFT_VERSION = 5.0;
				TARGETED_DEVICE_FAMILY = "1,2";
				TEST_TARGET_NAME = Shopinist;
			};
			name = Release;
		};
/* End XCBuildConfiguration section */

/* Begin XCConfigurationList section */
		E883F396283C20A500C19953 /* Build configuration list for PBXProject "Shopinist" */ = {
			isa = XCConfigurationList;
			buildConfigurations = (
				E883F3C6283C20AB00C19953 /* Debug */,
				E883F3C7283C20AB00C19953 /* Release */,
			);
			defaultConfigurationIsVisible = 0;
			defaultConfigurationName = Release;
		};
		E883F3C8283C20AB00C19953 /* Build configuration list for PBXNativeTarget "Shopinist" */ = {
			isa = XCConfigurationList;
			buildConfigurations = (
				E883F3C9283C20AB00C19953 /* Debug */,
				E883F3CA283C20AB00C19953 /* Release */,
			);
			defaultConfigurationIsVisible = 0;
			defaultConfigurationName = Release;
		};
		E883F3CB283C20AB00C19953 /* Build configuration list for PBXNativeTarget "ShopinistTests" */ = {
			isa = XCConfigurationList;
			buildConfigurations = (
				E883F3CC283C20AB00C19953 /* Debug */,
				E883F3CD283C20AB00C19953 /* Release */,
			);
			defaultConfigurationIsVisible = 0;
			defaultConfigurationName = Release;
		};
		E883F3CE283C20AB00C19953 /* Build configuration list for PBXNativeTarget "ShopinistUITests" */ = {
			isa = XCConfigurationList;
			buildConfigurations = (
				E883F3CF283C20AB00C19953 /* Debug */,
				E883F3D0283C20AB00C19953 /* Release */,
			);
			defaultConfigurationIsVisible = 0;
			defaultConfigurationName = Release;
		};
/* End XCConfigurationList section */

/* Begin XCVersionGroup section */
		E883F3A7283C20A600C19953 /* Shopinist.xcdatamodeld */ = {
			isa = XCVersionGroup;
			children = (
				E883F3A8283C20A600C19953 /* Shopinist.xcdatamodel */,
			);
			currentVersion = E883F3A8283C20A600C19953 /* Shopinist.xcdatamodel */;
			path = Shopinist.xcdatamodeld;
			sourceTree = "<group>";
			versionGroupType = wrapper.xcdatamodel;
		};
/* End XCVersionGroup section */
	};
	rootObject = E883F393283C20A500C19953 /* Project object */;
}
